
Microsoft Visual Studio Solution File, Format Version 12.00
# Visual Studio Version 16
VisualStudioVersion = 16.0.31410.223
MinimumVisualStudioVersion = 10.0.40219.1
Project("{C7167F0D-BC9F-4E6E-AFE1-012C56B48DB5}") = "MultiRPC (Package)", "src\MAUI\MultiRPC (Package)\MultiRPC (Package).wapproj", "{915A43A4-9AC4-44BA-B65C-1603C908BE0B}"
EndProject
Project("{9A19103F-16F7-4668-BE54-9A1E7A4F7556}") = "MultiRPC", "src\MAUI\MultiRPC\MultiRPC.csproj", "{8119718A-4375-4F39-947A-69F285D8046D}"
EndProject
Project("{9A19103F-16F7-4668-BE54-9A1E7A4F7556}") = "MultiRPC.Core", "src\MultiRPC.Core\MultiRPC.Core.csproj", "{0FBD18A3-423E-42DE-9458-0861D2A062C3}"
EndProject
Project("{D954291E-2A0B-460D-934E-DC6B0785DB48}") = "MultiRPC.Shared", "src\MultiRPC.Shared\MultiRPC.Shared.shproj", "{6279C845-92F8-4333-AB99-3D213163593C}"
EndProject
Project("{2150E333-8FDC-42A3-9474-1A3956D46DE8}") = "MAUI", "MAUI", "{DC6EF531-923E-4B7D-8635-1F320F241F2D}"
EndProject
Project("{2150E333-8FDC-42A3-9474-1A3956D46DE8}") = "Uno UI", "Uno UI", "{2B73266B-C894-49FC-9A8B-A695688C1BEC}"
EndProject
Project("{9A19103F-16F7-4668-BE54-9A1E7A4F7556}") = "MultiRPC.Skia.Gtk", "src\UNO_UI\MultiRPC.Skia.Gtk\MultiRPC.Skia.Gtk.csproj", "{75B6CD75-C5DF-45AD-BA55-1161D5E72428}"
EndProject
Project("{2150E333-8FDC-42A3-9474-1A3956D46DE8}") = "WPF", "WPF", "{B0408AF8-C5DC-4A85-89F8-E026CA4272F3}"
EndProject
Project("{9A19103F-16F7-4668-BE54-9A1E7A4F7556}") = "MultiRPC.Skia.WPF", "src\UNO_UI\MultiRPC.Skia.WPF\MultiRPC.Skia.WPF.csproj", "{0B15704D-A714-4FC6-B2DC-6A938E77E1FA}"
EndProject
Project("{9A19103F-16F7-4668-BE54-9A1E7A4F7556}") = "MultiRPC.Skia.Wpf.Host", "src\UNO_UI\MultiRPC.Skia.WPF.Host\MultiRPC.Skia.Wpf.Host.csproj", "{DD2022EE-4ECB-4C0F-9ED0-5BFCA0002E56}"
EndProject
Global
	GlobalSection(SharedMSBuildProjectFiles) = preSolution
		src\MultiRPC.Shared\MultiRPC.Shared.projitems*{0b15704d-a714-4fc6-b2dc-6a938e77e1fa}*SharedItemsImports = 5
		src\MultiRPC.Shared\MultiRPC.Shared.projitems*{6279c845-92f8-4333-ab99-3d213163593c}*SharedItemsImports = 13
		src\MultiRPC.Shared\MultiRPC.Shared.projitems*{75b6cd75-c5df-45ad-ba55-1161d5e72428}*SharedItemsImports = 5
		src\MultiRPC.Shared\MultiRPC.Shared.projitems*{8119718a-4375-4f39-947a-69f285d8046d}*SharedItemsImports = 5
	EndGlobalSection
	GlobalSection(SolutionConfigurationPlatforms) = preSolution
		Debug|Any CPU = Debug|Any CPU
		Debug|arm64 = Debug|arm64
		Debug|x64 = Debug|x64
		Debug|x86 = Debug|x86
		Release|Any CPU = Release|Any CPU
		Release|arm64 = Release|arm64
		Release|x64 = Release|x64
		Release|x86 = Release|x86
		UNO|Any CPU = UNO|Any CPU
		UNO|arm64 = UNO|arm64
		UNO|x64 = UNO|x64
		UNO|x86 = UNO|x86
		UWP|Any CPU = UWP|Any CPU
		UWP|arm64 = UWP|arm64
		UWP|x64 = UWP|x64
		UWP|x86 = UWP|x86
		WINUI|Any CPU = WINUI|Any CPU
		WINUI|arm64 = WINUI|arm64
		WINUI|x64 = WINUI|x64
		WINUI|x86 = WINUI|x86
	EndGlobalSection
	GlobalSection(ProjectConfigurationPlatforms) = postSolution
		{915A43A4-9AC4-44BA-B65C-1603C908BE0B}.Debug|Any CPU.ActiveCfg = Debug|x86
		{915A43A4-9AC4-44BA-B65C-1603C908BE0B}.Debug|arm64.ActiveCfg = Debug|arm64
		{915A43A4-9AC4-44BA-B65C-1603C908BE0B}.Debug|arm64.Build.0 = Debug|arm64
		{915A43A4-9AC4-44BA-B65C-1603C908BE0B}.Debug|arm64.Deploy.0 = Debug|arm64
		{915A43A4-9AC4-44BA-B65C-1603C908BE0B}.Debug|x64.ActiveCfg = Debug|x64
		{915A43A4-9AC4-44BA-B65C-1603C908BE0B}.Debug|x64.Build.0 = Debug|x64
		{915A43A4-9AC4-44BA-B65C-1603C908BE0B}.Debug|x64.Deploy.0 = Debug|x64
		{915A43A4-9AC4-44BA-B65C-1603C908BE0B}.Debug|x86.ActiveCfg = Debug|x86
		{915A43A4-9AC4-44BA-B65C-1603C908BE0B}.Debug|x86.Build.0 = Debug|x86
		{915A43A4-9AC4-44BA-B65C-1603C908BE0B}.Debug|x86.Deploy.0 = Debug|x86
		{915A43A4-9AC4-44BA-B65C-1603C908BE0B}.Release|Any CPU.ActiveCfg = Release|x86
		{915A43A4-9AC4-44BA-B65C-1603C908BE0B}.Release|arm64.ActiveCfg = Release|arm64
		{915A43A4-9AC4-44BA-B65C-1603C908BE0B}.Release|arm64.Build.0 = Release|arm64
		{915A43A4-9AC4-44BA-B65C-1603C908BE0B}.Release|arm64.Deploy.0 = Release|arm64
		{915A43A4-9AC4-44BA-B65C-1603C908BE0B}.Release|x64.ActiveCfg = Release|x64
		{915A43A4-9AC4-44BA-B65C-1603C908BE0B}.Release|x64.Build.0 = Release|x64
		{915A43A4-9AC4-44BA-B65C-1603C908BE0B}.Release|x64.Deploy.0 = Release|x64
		{915A43A4-9AC4-44BA-B65C-1603C908BE0B}.Release|x86.ActiveCfg = Release|x86
		{915A43A4-9AC4-44BA-B65C-1603C908BE0B}.Release|x86.Build.0 = Release|x86
		{915A43A4-9AC4-44BA-B65C-1603C908BE0B}.Release|x86.Deploy.0 = Release|x86
		{915A43A4-9AC4-44BA-B65C-1603C908BE0B}.UNO|Any CPU.ActiveCfg = Release|x86
		{915A43A4-9AC4-44BA-B65C-1603C908BE0B}.UNO|Any CPU.Build.0 = Release|x86
		{915A43A4-9AC4-44BA-B65C-1603C908BE0B}.UNO|Any CPU.Deploy.0 = Release|x86
		{915A43A4-9AC4-44BA-B65C-1603C908BE0B}.UNO|arm64.ActiveCfg = Release|arm64
		{915A43A4-9AC4-44BA-B65C-1603C908BE0B}.UNO|arm64.Build.0 = Release|arm64
		{915A43A4-9AC4-44BA-B65C-1603C908BE0B}.UNO|arm64.Deploy.0 = Release|arm64
		{915A43A4-9AC4-44BA-B65C-1603C908BE0B}.UNO|x64.ActiveCfg = Release|x64
		{915A43A4-9AC4-44BA-B65C-1603C908BE0B}.UNO|x64.Build.0 = Release|x64
		{915A43A4-9AC4-44BA-B65C-1603C908BE0B}.UNO|x64.Deploy.0 = Release|x64
		{915A43A4-9AC4-44BA-B65C-1603C908BE0B}.UNO|x86.ActiveCfg = Release|x86
		{915A43A4-9AC4-44BA-B65C-1603C908BE0B}.UNO|x86.Build.0 = Release|x86
		{915A43A4-9AC4-44BA-B65C-1603C908BE0B}.UNO|x86.Deploy.0 = Release|x86
		{915A43A4-9AC4-44BA-B65C-1603C908BE0B}.UWP|Any CPU.ActiveCfg = Release|x86
		{915A43A4-9AC4-44BA-B65C-1603C908BE0B}.UWP|Any CPU.Build.0 = Release|x86
		{915A43A4-9AC4-44BA-B65C-1603C908BE0B}.UWP|Any CPU.Deploy.0 = Release|x86
		{915A43A4-9AC4-44BA-B65C-1603C908BE0B}.UWP|arm64.ActiveCfg = Release|arm64
		{915A43A4-9AC4-44BA-B65C-1603C908BE0B}.UWP|arm64.Build.0 = Release|arm64
		{915A43A4-9AC4-44BA-B65C-1603C908BE0B}.UWP|arm64.Deploy.0 = Release|arm64
		{915A43A4-9AC4-44BA-B65C-1603C908BE0B}.UWP|x64.ActiveCfg = Release|x64
		{915A43A4-9AC4-44BA-B65C-1603C908BE0B}.UWP|x64.Build.0 = Release|x64
		{915A43A4-9AC4-44BA-B65C-1603C908BE0B}.UWP|x64.Deploy.0 = Release|x64
		{915A43A4-9AC4-44BA-B65C-1603C908BE0B}.UWP|x86.ActiveCfg = Release|x86
		{915A43A4-9AC4-44BA-B65C-1603C908BE0B}.UWP|x86.Build.0 = Release|x86
		{915A43A4-9AC4-44BA-B65C-1603C908BE0B}.UWP|x86.Deploy.0 = Release|x86
		{915A43A4-9AC4-44BA-B65C-1603C908BE0B}.WINUI|Any CPU.ActiveCfg = Release|x86
		{915A43A4-9AC4-44BA-B65C-1603C908BE0B}.WINUI|Any CPU.Build.0 = Release|x86
		{915A43A4-9AC4-44BA-B65C-1603C908BE0B}.WINUI|Any CPU.Deploy.0 = Release|x86
		{915A43A4-9AC4-44BA-B65C-1603C908BE0B}.WINUI|arm64.ActiveCfg = Release|arm64
		{915A43A4-9AC4-44BA-B65C-1603C908BE0B}.WINUI|arm64.Build.0 = Release|arm64
		{915A43A4-9AC4-44BA-B65C-1603C908BE0B}.WINUI|arm64.Deploy.0 = Release|arm64
		{915A43A4-9AC4-44BA-B65C-1603C908BE0B}.WINUI|x64.ActiveCfg = Release|x64
		{915A43A4-9AC4-44BA-B65C-1603C908BE0B}.WINUI|x64.Build.0 = Release|x64
		{915A43A4-9AC4-44BA-B65C-1603C908BE0B}.WINUI|x64.Deploy.0 = Release|x64
		{915A43A4-9AC4-44BA-B65C-1603C908BE0B}.WINUI|x86.ActiveCfg = Release|x86
		{915A43A4-9AC4-44BA-B65C-1603C908BE0B}.WINUI|x86.Build.0 = Release|x86
		{915A43A4-9AC4-44BA-B65C-1603C908BE0B}.WINUI|x86.Deploy.0 = Release|x86
		{8119718A-4375-4F39-947A-69F285D8046D}.Debug|Any CPU.ActiveCfg = Debug|x86
		{8119718A-4375-4F39-947A-69F285D8046D}.Debug|arm64.ActiveCfg = Debug|arm64
		{8119718A-4375-4F39-947A-69F285D8046D}.Debug|arm64.Build.0 = Debug|arm64
		{8119718A-4375-4F39-947A-69F285D8046D}.Debug|x64.ActiveCfg = Debug|x64
		{8119718A-4375-4F39-947A-69F285D8046D}.Debug|x64.Build.0 = Debug|x64
		{8119718A-4375-4F39-947A-69F285D8046D}.Debug|x86.ActiveCfg = Debug|x86
		{8119718A-4375-4F39-947A-69F285D8046D}.Debug|x86.Build.0 = Debug|x86
		{8119718A-4375-4F39-947A-69F285D8046D}.Release|Any CPU.ActiveCfg = Release|x86
		{8119718A-4375-4F39-947A-69F285D8046D}.Release|arm64.ActiveCfg = Release|arm64
		{8119718A-4375-4F39-947A-69F285D8046D}.Release|arm64.Build.0 = Release|arm64
		{8119718A-4375-4F39-947A-69F285D8046D}.Release|x64.ActiveCfg = Release|x64
		{8119718A-4375-4F39-947A-69F285D8046D}.Release|x64.Build.0 = Release|x64
		{8119718A-4375-4F39-947A-69F285D8046D}.Release|x86.ActiveCfg = Release|x86
		{8119718A-4375-4F39-947A-69F285D8046D}.Release|x86.Build.0 = Release|x86
		{8119718A-4375-4F39-947A-69F285D8046D}.UNO|Any CPU.ActiveCfg = Release|x86
		{8119718A-4375-4F39-947A-69F285D8046D}.UNO|Any CPU.Build.0 = Release|x86
		{8119718A-4375-4F39-947A-69F285D8046D}.UNO|arm64.ActiveCfg = Release|arm64
		{8119718A-4375-4F39-947A-69F285D8046D}.UNO|arm64.Build.0 = Release|arm64
		{8119718A-4375-4F39-947A-69F285D8046D}.UNO|x64.ActiveCfg = Release|x64
		{8119718A-4375-4F39-947A-69F285D8046D}.UNO|x64.Build.0 = Release|x64
		{8119718A-4375-4F39-947A-69F285D8046D}.UNO|x86.ActiveCfg = Release|x86
		{8119718A-4375-4F39-947A-69F285D8046D}.UNO|x86.Build.0 = Release|x86
		{8119718A-4375-4F39-947A-69F285D8046D}.UWP|Any CPU.ActiveCfg = Release|x86
		{8119718A-4375-4F39-947A-69F285D8046D}.UWP|Any CPU.Build.0 = Release|x86
		{8119718A-4375-4F39-947A-69F285D8046D}.UWP|arm64.ActiveCfg = Release|arm64
		{8119718A-4375-4F39-947A-69F285D8046D}.UWP|arm64.Build.0 = Release|arm64
		{8119718A-4375-4F39-947A-69F285D8046D}.UWP|x64.ActiveCfg = Release|x64
		{8119718A-4375-4F39-947A-69F285D8046D}.UWP|x64.Build.0 = Release|x64
		{8119718A-4375-4F39-947A-69F285D8046D}.UWP|x86.ActiveCfg = Release|x86
		{8119718A-4375-4F39-947A-69F285D8046D}.UWP|x86.Build.0 = Release|x86
		{8119718A-4375-4F39-947A-69F285D8046D}.WINUI|Any CPU.ActiveCfg = Release|x86
		{8119718A-4375-4F39-947A-69F285D8046D}.WINUI|Any CPU.Build.0 = Release|x86
		{8119718A-4375-4F39-947A-69F285D8046D}.WINUI|arm64.ActiveCfg = Release|arm64
		{8119718A-4375-4F39-947A-69F285D8046D}.WINUI|arm64.Build.0 = Release|arm64
		{8119718A-4375-4F39-947A-69F285D8046D}.WINUI|x64.ActiveCfg = Release|x64
		{8119718A-4375-4F39-947A-69F285D8046D}.WINUI|x64.Build.0 = Release|x64
		{8119718A-4375-4F39-947A-69F285D8046D}.WINUI|x86.ActiveCfg = Release|x86
		{8119718A-4375-4F39-947A-69F285D8046D}.WINUI|x86.Build.0 = Release|x86
		{0FBD18A3-423E-42DE-9458-0861D2A062C3}.Debug|Any CPU.ActiveCfg = Debug|Any CPU
		{0FBD18A3-423E-42DE-9458-0861D2A062C3}.Debug|Any CPU.Build.0 = Debug|Any CPU
		{0FBD18A3-423E-42DE-9458-0861D2A062C3}.Debug|arm64.ActiveCfg = Debug|Any CPU
		{0FBD18A3-423E-42DE-9458-0861D2A062C3}.Debug|arm64.Build.0 = Debug|Any CPU
		{0FBD18A3-423E-42DE-9458-0861D2A062C3}.Debug|x64.ActiveCfg = Debug|Any CPU
		{0FBD18A3-423E-42DE-9458-0861D2A062C3}.Debug|x64.Build.0 = Debug|Any CPU
		{0FBD18A3-423E-42DE-9458-0861D2A062C3}.Debug|x86.ActiveCfg = Debug|Any CPU
		{0FBD18A3-423E-42DE-9458-0861D2A062C3}.Debug|x86.Build.0 = Debug|Any CPU
		{0FBD18A3-423E-42DE-9458-0861D2A062C3}.Release|Any CPU.ActiveCfg = Release|Any CPU
		{0FBD18A3-423E-42DE-9458-0861D2A062C3}.Release|Any CPU.Build.0 = Release|Any CPU
		{0FBD18A3-423E-42DE-9458-0861D2A062C3}.Release|arm64.ActiveCfg = Release|Any CPU
		{0FBD18A3-423E-42DE-9458-0861D2A062C3}.Release|arm64.Build.0 = Release|Any CPU
		{0FBD18A3-423E-42DE-9458-0861D2A062C3}.Release|x64.ActiveCfg = Release|Any CPU
		{0FBD18A3-423E-42DE-9458-0861D2A062C3}.Release|x64.Build.0 = Release|Any CPU
		{0FBD18A3-423E-42DE-9458-0861D2A062C3}.Release|x86.ActiveCfg = Release|Any CPU
		{0FBD18A3-423E-42DE-9458-0861D2A062C3}.Release|x86.Build.0 = Release|Any CPU
		{0FBD18A3-423E-42DE-9458-0861D2A062C3}.UNO|Any CPU.ActiveCfg = UNO|Any CPU
		{0FBD18A3-423E-42DE-9458-0861D2A062C3}.UNO|Any CPU.Build.0 = UNO|Any CPU
		{0FBD18A3-423E-42DE-9458-0861D2A062C3}.UNO|arm64.ActiveCfg = UNO|Any CPU
		{0FBD18A3-423E-42DE-9458-0861D2A062C3}.UNO|arm64.Build.0 = UNO|Any CPU
		{0FBD18A3-423E-42DE-9458-0861D2A062C3}.UNO|x64.ActiveCfg = UNO|Any CPU
		{0FBD18A3-423E-42DE-9458-0861D2A062C3}.UNO|x64.Build.0 = UNO|Any CPU
		{0FBD18A3-423E-42DE-9458-0861D2A062C3}.UNO|x86.ActiveCfg = UNO|Any CPU
		{0FBD18A3-423E-42DE-9458-0861D2A062C3}.UNO|x86.Build.0 = UNO|Any CPU
		{0FBD18A3-423E-42DE-9458-0861D2A062C3}.UWP|Any CPU.ActiveCfg = UWP|Any CPU
		{0FBD18A3-423E-42DE-9458-0861D2A062C3}.UWP|Any CPU.Build.0 = UWP|Any CPU
		{0FBD18A3-423E-42DE-9458-0861D2A062C3}.UWP|arm64.ActiveCfg = UWP|Any CPU
		{0FBD18A3-423E-42DE-9458-0861D2A062C3}.UWP|arm64.Build.0 = UWP|Any CPU
		{0FBD18A3-423E-42DE-9458-0861D2A062C3}.UWP|x64.ActiveCfg = UWP|Any CPU
		{0FBD18A3-423E-42DE-9458-0861D2A062C3}.UWP|x64.Build.0 = UWP|Any CPU
		{0FBD18A3-423E-42DE-9458-0861D2A062C3}.UWP|x86.ActiveCfg = UWP|Any CPU
		{0FBD18A3-423E-42DE-9458-0861D2A062C3}.UWP|x86.Build.0 = UWP|Any CPU
		{0FBD18A3-423E-42DE-9458-0861D2A062C3}.WINUI|Any CPU.ActiveCfg = WINUI|Any CPU
		{0FBD18A3-423E-42DE-9458-0861D2A062C3}.WINUI|Any CPU.Build.0 = WINUI|Any CPU
		{0FBD18A3-423E-42DE-9458-0861D2A062C3}.WINUI|arm64.ActiveCfg = WINUI|Any CPU
		{0FBD18A3-423E-42DE-9458-0861D2A062C3}.WINUI|arm64.Build.0 = WINUI|Any CPU
		{0FBD18A3-423E-42DE-9458-0861D2A062C3}.WINUI|x64.ActiveCfg = WINUI|Any CPU
		{0FBD18A3-423E-42DE-9458-0861D2A062C3}.WINUI|x64.Build.0 = WINUI|Any CPU
		{0FBD18A3-423E-42DE-9458-0861D2A062C3}.WINUI|x86.ActiveCfg = WINUI|Any CPU
		{0FBD18A3-423E-42DE-9458-0861D2A062C3}.WINUI|x86.Build.0 = WINUI|Any CPU
		{75B6CD75-C5DF-45AD-BA55-1161D5E72428}.Debug|Any CPU.ActiveCfg = Debug|Any CPU
		{75B6CD75-C5DF-45AD-BA55-1161D5E72428}.Debug|Any CPU.Build.0 = Debug|Any CPU
		{75B6CD75-C5DF-45AD-BA55-1161D5E72428}.Debug|arm64.ActiveCfg = Debug|Any CPU
		{75B6CD75-C5DF-45AD-BA55-1161D5E72428}.Debug|arm64.Build.0 = Debug|Any CPU
		{75B6CD75-C5DF-45AD-BA55-1161D5E72428}.Debug|x64.ActiveCfg = Debug|Any CPU
		{75B6CD75-C5DF-45AD-BA55-1161D5E72428}.Debug|x64.Build.0 = Debug|Any CPU
		{75B6CD75-C5DF-45AD-BA55-1161D5E72428}.Debug|x86.ActiveCfg = Debug|Any CPU
		{75B6CD75-C5DF-45AD-BA55-1161D5E72428}.Debug|x86.Build.0 = Debug|Any CPU
		{75B6CD75-C5DF-45AD-BA55-1161D5E72428}.Release|Any CPU.ActiveCfg = Release|Any CPU
		{75B6CD75-C5DF-45AD-BA55-1161D5E72428}.Release|Any CPU.Build.0 = Release|Any CPU
		{75B6CD75-C5DF-45AD-BA55-1161D5E72428}.Release|arm64.ActiveCfg = Release|Any CPU
		{75B6CD75-C5DF-45AD-BA55-1161D5E72428}.Release|arm64.Build.0 = Release|Any CPU
		{75B6CD75-C5DF-45AD-BA55-1161D5E72428}.Release|x64.ActiveCfg = Release|Any CPU
		{75B6CD75-C5DF-45AD-BA55-1161D5E72428}.Release|x64.Build.0 = Release|Any CPU
		{75B6CD75-C5DF-45AD-BA55-1161D5E72428}.Release|x86.ActiveCfg = Release|Any CPU
		{75B6CD75-C5DF-45AD-BA55-1161D5E72428}.Release|x86.Build.0 = Release|Any CPU
		{75B6CD75-C5DF-45AD-BA55-1161D5E72428}.UNO|Any CPU.ActiveCfg = Debug|Any CPU
		{75B6CD75-C5DF-45AD-BA55-1161D5E72428}.UNO|Any CPU.Build.0 = Debug|Any CPU
		{75B6CD75-C5DF-45AD-BA55-1161D5E72428}.UNO|arm64.ActiveCfg = Debug|Any CPU
		{75B6CD75-C5DF-45AD-BA55-1161D5E72428}.UNO|arm64.Build.0 = Debug|Any CPU
		{75B6CD75-C5DF-45AD-BA55-1161D5E72428}.UNO|x64.ActiveCfg = Debug|Any CPU
		{75B6CD75-C5DF-45AD-BA55-1161D5E72428}.UNO|x64.Build.0 = Debug|Any CPU
		{75B6CD75-C5DF-45AD-BA55-1161D5E72428}.UNO|x86.ActiveCfg = Debug|Any CPU
		{75B6CD75-C5DF-45AD-BA55-1161D5E72428}.UNO|x86.Build.0 = Debug|Any CPU
		{75B6CD75-C5DF-45AD-BA55-1161D5E72428}.UWP|Any CPU.ActiveCfg = Debug|Any CPU
		{75B6CD75-C5DF-45AD-BA55-1161D5E72428}.UWP|Any CPU.Build.0 = Debug|Any CPU
		{75B6CD75-C5DF-45AD-BA55-1161D5E72428}.UWP|arm64.ActiveCfg = Debug|Any CPU
		{75B6CD75-C5DF-45AD-BA55-1161D5E72428}.UWP|arm64.Build.0 = Debug|Any CPU
		{75B6CD75-C5DF-45AD-BA55-1161D5E72428}.UWP|x64.ActiveCfg = Debug|Any CPU
		{75B6CD75-C5DF-45AD-BA55-1161D5E72428}.UWP|x64.Build.0 = Debug|Any CPU
		{75B6CD75-C5DF-45AD-BA55-1161D5E72428}.UWP|x86.ActiveCfg = Debug|Any CPU
		{75B6CD75-C5DF-45AD-BA55-1161D5E72428}.UWP|x86.Build.0 = Debug|Any CPU
		{75B6CD75-C5DF-45AD-BA55-1161D5E72428}.WINUI|Any CPU.ActiveCfg = Debug|Any CPU
		{75B6CD75-C5DF-45AD-BA55-1161D5E72428}.WINUI|Any CPU.Build.0 = Debug|Any CPU
		{75B6CD75-C5DF-45AD-BA55-1161D5E72428}.WINUI|arm64.ActiveCfg = Debug|Any CPU
		{75B6CD75-C5DF-45AD-BA55-1161D5E72428}.WINUI|arm64.Build.0 = Debug|Any CPU
		{75B6CD75-C5DF-45AD-BA55-1161D5E72428}.WINUI|x64.ActiveCfg = Debug|Any CPU
		{75B6CD75-C5DF-45AD-BA55-1161D5E72428}.WINUI|x64.Build.0 = Debug|Any CPU
		{75B6CD75-C5DF-45AD-BA55-1161D5E72428}.WINUI|x86.ActiveCfg = Debug|Any CPU
		{75B6CD75-C5DF-45AD-BA55-1161D5E72428}.WINUI|x86.Build.0 = Debug|Any CPU
		{0B15704D-A714-4FC6-B2DC-6A938E77E1FA}.Debug|Any CPU.ActiveCfg = Debug|Any CPU
		{0B15704D-A714-4FC6-B2DC-6A938E77E1FA}.Debug|Any CPU.Build.0 = Debug|Any CPU
		{0B15704D-A714-4FC6-B2DC-6A938E77E1FA}.Debug|arm64.ActiveCfg = Debug|Any CPU
		{0B15704D-A714-4FC6-B2DC-6A938E77E1FA}.Debug|arm64.Build.0 = Debug|Any CPU
		{0B15704D-A714-4FC6-B2DC-6A938E77E1FA}.Debug|x64.ActiveCfg = Debug|Any CPU
		{0B15704D-A714-4FC6-B2DC-6A938E77E1FA}.Debug|x64.Build.0 = Debug|Any CPU
		{0B15704D-A714-4FC6-B2DC-6A938E77E1FA}.Debug|x86.ActiveCfg = Debug|Any CPU
		{0B15704D-A714-4FC6-B2DC-6A938E77E1FA}.Debug|x86.Build.0 = Debug|Any CPU
		{0B15704D-A714-4FC6-B2DC-6A938E77E1FA}.Release|Any CPU.ActiveCfg = Release|Any CPU
		{0B15704D-A714-4FC6-B2DC-6A938E77E1FA}.Release|Any CPU.Build.0 = Release|Any CPU
		{0B15704D-A714-4FC6-B2DC-6A938E77E1FA}.Release|arm64.ActiveCfg = Release|Any CPU
		{0B15704D-A714-4FC6-B2DC-6A938E77E1FA}.Release|arm64.Build.0 = Release|Any CPU
		{0B15704D-A714-4FC6-B2DC-6A938E77E1FA}.Release|x64.ActiveCfg = Release|Any CPU
		{0B15704D-A714-4FC6-B2DC-6A938E77E1FA}.Release|x64.Build.0 = Release|Any CPU
		{0B15704D-A714-4FC6-B2DC-6A938E77E1FA}.Release|x86.ActiveCfg = Release|Any CPU
		{0B15704D-A714-4FC6-B2DC-6A938E77E1FA}.Release|x86.Build.0 = Release|Any CPU
		{0B15704D-A714-4FC6-B2DC-6A938E77E1FA}.UNO|Any CPU.ActiveCfg = Debug|Any CPU
		{0B15704D-A714-4FC6-B2DC-6A938E77E1FA}.UNO|Any CPU.Build.0 = Debug|Any CPU
		{0B15704D-A714-4FC6-B2DC-6A938E77E1FA}.UNO|arm64.ActiveCfg = Debug|Any CPU
		{0B15704D-A714-4FC6-B2DC-6A938E77E1FA}.UNO|arm64.Build.0 = Debug|Any CPU
		{0B15704D-A714-4FC6-B2DC-6A938E77E1FA}.UNO|x64.ActiveCfg = Debug|Any CPU
		{0B15704D-A714-4FC6-B2DC-6A938E77E1FA}.UNO|x64.Build.0 = Debug|Any CPU
		{0B15704D-A714-4FC6-B2DC-6A938E77E1FA}.UNO|x86.ActiveCfg = Debug|Any CPU
		{0B15704D-A714-4FC6-B2DC-6A938E77E1FA}.UNO|x86.Build.0 = Debug|Any CPU
		{0B15704D-A714-4FC6-B2DC-6A938E77E1FA}.UWP|Any CPU.ActiveCfg = Debug|Any CPU
		{0B15704D-A714-4FC6-B2DC-6A938E77E1FA}.UWP|Any CPU.Build.0 = Debug|Any CPU
		{0B15704D-A714-4FC6-B2DC-6A938E77E1FA}.UWP|arm64.ActiveCfg = Debug|Any CPU
		{0B15704D-A714-4FC6-B2DC-6A938E77E1FA}.UWP|arm64.Build.0 = Debug|Any CPU
		{0B15704D-A714-4FC6-B2DC-6A938E77E1FA}.UWP|x64.ActiveCfg = Debug|Any CPU
		{0B15704D-A714-4FC6-B2DC-6A938E77E1FA}.UWP|x64.Build.0 = Debug|Any CPU
		{0B15704D-A714-4FC6-B2DC-6A938E77E1FA}.UWP|x86.ActiveCfg = Debug|Any CPU
		{0B15704D-A714-4FC6-B2DC-6A938E77E1FA}.UWP|x86.Build.0 = Debug|Any CPU
		{0B15704D-A714-4FC6-B2DC-6A938E77E1FA}.WINUI|Any CPU.ActiveCfg = Debug|Any CPU
		{0B15704D-A714-4FC6-B2DC-6A938E77E1FA}.WINUI|Any CPU.Build.0 = Debug|Any CPU
		{0B15704D-A714-4FC6-B2DC-6A938E77E1FA}.WINUI|arm64.ActiveCfg = Debug|Any CPU
		{0B15704D-A714-4FC6-B2DC-6A938E77E1FA}.WINUI|arm64.Build.0 = Debug|Any CPU
		{0B15704D-A714-4FC6-B2DC-6A938E77E1FA}.WINUI|x64.ActiveCfg = Debug|Any CPU
		{0B15704D-A714-4FC6-B2DC-6A938E77E1FA}.WINUI|x64.Build.0 = Debug|Any CPU
		{0B15704D-A714-4FC6-B2DC-6A938E77E1FA}.WINUI|x86.ActiveCfg = Debug|Any CPU
		{0B15704D-A714-4FC6-B2DC-6A938E77E1FA}.WINUI|x86.Build.0 = Debug|Any CPU
		{DD2022EE-4ECB-4C0F-9ED0-5BFCA0002E56}.Debug|Any CPU.ActiveCfg = Debug|Any CPU
		{DD2022EE-4ECB-4C0F-9ED0-5BFCA0002E56}.Debug|Any CPU.Build.0 = Debug|Any CPU
		{DD2022EE-4ECB-4C0F-9ED0-5BFCA0002E56}.Debug|arm64.ActiveCfg = Debug|Any CPU
		{DD2022EE-4ECB-4C0F-9ED0-5BFCA0002E56}.Debug|arm64.Build.0 = Debug|Any CPU
		{DD2022EE-4ECB-4C0F-9ED0-5BFCA0002E56}.Debug|x64.ActiveCfg = Debug|Any CPU
		{DD2022EE-4ECB-4C0F-9ED0-5BFCA0002E56}.Debug|x64.Build.0 = Debug|Any CPU
		{DD2022EE-4ECB-4C0F-9ED0-5BFCA0002E56}.Debug|x86.ActiveCfg = Debug|Any CPU
		{DD2022EE-4ECB-4C0F-9ED0-5BFCA0002E56}.Debug|x86.Build.0 = Debug|Any CPU
		{DD2022EE-4ECB-4C0F-9ED0-5BFCA0002E56}.Release|Any CPU.ActiveCfg = Release|Any CPU
		{DD2022EE-4ECB-4C0F-9ED0-5BFCA0002E56}.Release|Any CPU.Build.0 = Release|Any CPU
		{DD2022EE-4ECB-4C0F-9ED0-5BFCA0002E56}.Release|arm64.ActiveCfg = Release|Any CPU
		{DD2022EE-4ECB-4C0F-9ED0-5BFCA0002E56}.Release|arm64.Build.0 = Release|Any CPU
		{DD2022EE-4ECB-4C0F-9ED0-5BFCA0002E56}.Release|x64.ActiveCfg = Release|Any CPU
		{DD2022EE-4ECB-4C0F-9ED0-5BFCA0002E56}.Release|x64.Build.0 = Release|Any CPU
		{DD2022EE-4ECB-4C0F-9ED0-5BFCA0002E56}.Release|x86.ActiveCfg = Release|Any CPU
		{DD2022EE-4ECB-4C0F-9ED0-5BFCA0002E56}.Release|x86.Build.0 = Release|Any CPU
		{DD2022EE-4ECB-4C0F-9ED0-5BFCA0002E56}.UNO|Any CPU.ActiveCfg = Debug|Any CPU
		{DD2022EE-4ECB-4C0F-9ED0-5BFCA0002E56}.UNO|Any CPU.Build.0 = Debug|Any CPU
		{DD2022EE-4ECB-4C0F-9ED0-5BFCA0002E56}.UNO|arm64.ActiveCfg = Debug|Any CPU
		{DD2022EE-4ECB-4C0F-9ED0-5BFCA0002E56}.UNO|arm64.Build.0 = Debug|Any CPU
		{DD2022EE-4ECB-4C0F-9ED0-5BFCA0002E56}.UNO|x64.ActiveCfg = Debug|Any CPU
		{DD2022EE-4ECB-4C0F-9ED0-5BFCA0002E56}.UNO|x64.Build.0 = Debug|Any CPU
		{DD2022EE-4ECB-4C0F-9ED0-5BFCA0002E56}.UNO|x86.ActiveCfg = Debug|Any CPU
		{DD2022EE-4ECB-4C0F-9ED0-5BFCA0002E56}.UNO|x86.Build.0 = Debug|Any CPU
		{DD2022EE-4ECB-4C0F-9ED0-5BFCA0002E56}.UWP|Any CPU.ActiveCfg = Debug|Any CPU
		{DD2022EE-4ECB-4C0F-9ED0-5BFCA0002E56}.UWP|Any CPU.Build.0 = Debug|Any CPU
		{DD2022EE-4ECB-4C0F-9ED0-5BFCA0002E56}.UWP|arm64.ActiveCfg = Debug|Any CPU
		{DD2022EE-4ECB-4C0F-9ED0-5BFCA0002E56}.UWP|arm64.Build.0 = Debug|Any CPU
		{DD2022EE-4ECB-4C0F-9ED0-5BFCA0002E56}.UWP|x64.ActiveCfg = Debug|Any CPU
		{DD2022EE-4ECB-4C0F-9ED0-5BFCA0002E56}.UWP|x64.Build.0 = Debug|Any CPU
		{DD2022EE-4ECB-4C0F-9ED0-5BFCA0002E56}.UWP|x86.ActiveCfg = Debug|Any CPU
		{DD2022EE-4ECB-4C0F-9ED0-5BFCA0002E56}.UWP|x86.Build.0 = Debug|Any CPU
		{DD2022EE-4ECB-4C0F-9ED0-5BFCA0002E56}.WINUI|Any CPU.ActiveCfg = Debug|Any CPU
		{DD2022EE-4ECB-4C0F-9ED0-5BFCA0002E56}.WINUI|Any CPU.Build.0 = Debug|Any CPU
		{DD2022EE-4ECB-4C0F-9ED0-5BFCA0002E56}.WINUI|arm64.ActiveCfg = Debug|Any CPU
		{DD2022EE-4ECB-4C0F-9ED0-5BFCA0002E56}.WINUI|arm64.Build.0 = Debug|Any CPU
		{DD2022EE-4ECB-4C0F-9ED0-5BFCA0002E56}.WINUI|x64.ActiveCfg = Debug|Any CPU
		{DD2022EE-4ECB-4C0F-9ED0-5BFCA0002E56}.WINUI|x64.Build.0 = Debug|Any CPU
		{DD2022EE-4ECB-4C0F-9ED0-5BFCA0002E56}.WINUI|x86.ActiveCfg = Debug|Any CPU
		{DD2022EE-4ECB-4C0F-9ED0-5BFCA0002E56}.WINUI|x86.Build.0 = Debug|Any CPU
	EndGlobalSection
	GlobalSection(SolutionProperties) = preSolution
		HideSolutionNode = FALSE
	EndGlobalSection
	GlobalSection(NestedProjects) = preSolution
		{915A43A4-9AC4-44BA-B65C-1603C908BE0B} = {DC6EF531-923E-4B7D-8635-1F320F241F2D}
		{8119718A-4375-4F39-947A-69F285D8046D} = {DC6EF531-923E-4B7D-8635-1F320F241F2D}
		{75B6CD75-C5DF-45AD-BA55-1161D5E72428} = {2B73266B-C894-49FC-9A8B-A695688C1BEC}
		{B0408AF8-C5DC-4A85-89F8-E026CA4272F3} = {2B73266B-C894-49FC-9A8B-A695688C1BEC}
		{0B15704D-A714-4FC6-B2DC-6A938E77E1FA} = {B0408AF8-C5DC-4A85-89F8-E026CA4272F3}
		{DD2022EE-4ECB-4C0F-9ED0-5BFCA0002E56} = {B0408AF8-C5DC-4A85-89F8-E026CA4272F3}
	EndGlobalSection
	GlobalSection(ExtensibilityGlobals) = postSolution
		SolutionGuid = {00476E18-78D3-465E-A541-481E882D421B}
	EndGlobalSection
EndGlobal
