Microsoft Visual Studio Solution File, Format Version 12.00
# Visual Studio Version 16
VisualStudioVersion = 16.0.29920.165
MinimumVisualStudioVersion = 15.0.26124.0

Project("{D954291E-2A0B-460D-934E-DC6B0785DB48}") = "MultiRPC.Shared", "src\MultiRPC.Shared\MultiRPC.Shared.shproj", "{6279C845-92F8-4333-AB99-3D213163593C}"
EndProject
Project("{FAE04EC0-301F-11D3-BF4B-00C04F79EFBC}") = "MultiRPC.macOS", "src\MultiRPC.macOS\MultiRPC.macOS.csproj", "{7B33C3D2-53AD-4187-B89B-9C77344C5B6C}"
EndProject
Project("{9A19103F-16F7-4668-BE54-9A1E7A4F7556}") = "MultiRPC.Skia.Gtk", "src\MultiRPC.Skia.Gtk\MultiRPC.Skia.Gtk.csproj", "{A5B8155A-118F-4794-B551-C6F3CF7E5411}"
EndProject
Project("{9A19103F-16F7-4668-BE54-9A1E7A4F7556}") = "MultiRPC.Skia.WPF", "src\MultiRPC.Skia.WPF\MultiRPC.Skia.WPF.csproj", "{80AF9C32-2416-424B-B5C0-74BCC17AB646}"
EndProject
Project("{9A19103F-16F7-4668-BE54-9A1E7A4F7556}") = "MultiRPC.Skia.Wpf.Host", "src\MultiRPC.Skia.WPF.Host\MultiRPC.Skia.Wpf.Host.csproj", "{6CF284A4-22B1-4F05-97F4-F095C07A598E}"
EndProject
Project("{FAE04EC0-301F-11D3-BF4B-00C04F79EFBC}") = "MultiRPC.Core", "src\MultiRPC.Core\MultiRPC.Core.csproj", "{E4FEB385-4A60-4EF5-B953-0F0413E39DF5}"
EndProject

Global
	GlobalSection(SharedMSBuildProjectFiles) = preSolution
		MultiRPC.Shared\MultiRPC.Shared.projitems*{1aa13270-f438-4864-9435-54fd806e10ea}*SharedItemsImports = 5
		MultiRPC.Shared\MultiRPC.Shared.projitems*{7b33c3d2-53ad-4187-b89b-9c77344c5b6c}*SharedItemsImports = 4
		MultiRPC.Shared\MultiRPC.Shared.projitems*{40ea03f7-8a22-4143-b251-79bac3eb13d2}*SharedItemsImports = 5
		MultiRPC.Shared\MultiRPC.Shared.projitems*{80af9c32-2416-424b-b5c0-74bcc17ab646}*SharedItemsImports = 5
		MultiRPC.Shared\MultiRPC.Shared.projitems*{6279c845-92f8-4333-ab99-3d213163593c}*SharedItemsImports = 13
		MultiRPC.Shared\MultiRPC.Shared.projitems*{e22a7cc8-4cb1-40a3-bf56-ce00d0b76e14}*SharedItemsImports = 4
		MultiRPC.Shared\MultiRPC.Shared.projitems*{ff27c121-aa7e-49d8-bdc4-d7622e89793b}*SharedItemsImports = 4
		MultiRPC.Shared\MultiRPC.Shared.projitems*{a5b8155a-118f-4794-b551-c6f3cf7e5411}*SharedItemsImports = 5
		MultiRPC.Shared\MultiRPC.Shared.projitems*{70ea1740-9b2d-4813-84c9-24a642e409a4}*SharedItemsImports = 4
	EndGlobalSection
	GlobalSection(SolutionConfigurationPlatforms) = preSolution
		Debug|Any CPU = Debug|Any CPU
		Debug|ARM = Debug|ARM
		Debug|ARM64 = Debug|ARM64
		Debug|iPhone = Debug|iPhone
		Debug|iPhoneSimulator = Debug|iPhoneSimulator
		Debug|x64 = Debug|x64
		Debug|x86 = Debug|x86
		Release|Any CPU = Release|Any CPU
		Release|ARM = Release|ARM
		Release|ARM64 = Release|ARM64
		Release|iPhone = Release|iPhone
		Release|iPhoneSimulator = Release|iPhoneSimulator
		Release|x64 = Release|x64
		Release|x86 = Release|x86
	EndGlobalSection
	GlobalSection(ProjectConfigurationPlatforms) = postSolution
		{70ea1740-9b2d-4813-84c9-24a642e409a4}.Debug|Any CPU.ActiveCfg = Debug|Any CPU
		{70ea1740-9b2d-4813-84c9-24a642e409a4}.Debug|Any CPU.Build.0 = Debug|Any CPU
		{70ea1740-9b2d-4813-84c9-24a642e409a4}.Debug|Any CPU.Deploy.0 = Debug|Any CPU
		{70ea1740-9b2d-4813-84c9-24a642e409a4}.Debug|ARM.ActiveCfg = Debug|Any CPU
		{70ea1740-9b2d-4813-84c9-24a642e409a4}.Debug|ARM.Build.0 = Debug|Any CPU
		{70ea1740-9b2d-4813-84c9-24a642e409a4}.Debug|ARM.Deploy.0 = Debug|Any CPU
		{70ea1740-9b2d-4813-84c9-24a642e409a4}.Debug|ARM64.ActiveCfg = Debug|Any CPU
		{70ea1740-9b2d-4813-84c9-24a642e409a4}.Debug|ARM64.Build.0 = Debug|Any CPU
		{70ea1740-9b2d-4813-84c9-24a642e409a4}.Debug|ARM64.Deploy.0 = Debug|Any CPU
		{70ea1740-9b2d-4813-84c9-24a642e409a4}.Debug|iPhone.ActiveCfg = Debug|Any CPU
		{70ea1740-9b2d-4813-84c9-24a642e409a4}.Debug|iPhone.Build.0 = Debug|Any CPU
		{70ea1740-9b2d-4813-84c9-24a642e409a4}.Debug|iPhone.Deploy.0 = Debug|Any CPU
		{70ea1740-9b2d-4813-84c9-24a642e409a4}.Debug|iPhoneSimulator.ActiveCfg = Debug|Any CPU
		{70ea1740-9b2d-4813-84c9-24a642e409a4}.Debug|iPhoneSimulator.Build.0 = Debug|Any CPU
		{70ea1740-9b2d-4813-84c9-24a642e409a4}.Debug|iPhoneSimulator.Deploy.0 = Debug|Any CPU
		{70ea1740-9b2d-4813-84c9-24a642e409a4}.Debug|x64.ActiveCfg = Debug|Any CPU
		{70ea1740-9b2d-4813-84c9-24a642e409a4}.Debug|x64.Build.0 = Debug|Any CPU
		{70ea1740-9b2d-4813-84c9-24a642e409a4}.Debug|x64.Deploy.0 = Debug|Any CPU
		{70ea1740-9b2d-4813-84c9-24a642e409a4}.Debug|x86.ActiveCfg = Debug|Any CPU
		{70ea1740-9b2d-4813-84c9-24a642e409a4}.Debug|x86.Build.0 = Debug|Any CPU
		{70ea1740-9b2d-4813-84c9-24a642e409a4}.Debug|x86.Deploy.0 = Debug|Any CPU

		{70ea1740-9b2d-4813-84c9-24a642e409a4}.Release|Any CPU.ActiveCfg = Release|Any CPU
		{70ea1740-9b2d-4813-84c9-24a642e409a4}.Release|Any CPU.Build.0 = Release|Any CPU
		{70ea1740-9b2d-4813-84c9-24a642e409a4}.Release|Any CPU.Deploy.0 = Release|Any CPU
		{70ea1740-9b2d-4813-84c9-24a642e409a4}.Release|ARM.ActiveCfg = Release|Any CPU
		{70ea1740-9b2d-4813-84c9-24a642e409a4}.Release|ARM.Build.0 = Release|Any CPU
		{70ea1740-9b2d-4813-84c9-24a642e409a4}.Release|ARM.Deploy.0 = Release|Any CPU
		{70ea1740-9b2d-4813-84c9-24a642e409a4}.Release|ARM64.ActiveCfg = Release|Any CPU
		{70ea1740-9b2d-4813-84c9-24a642e409a4}.Release|ARM64.Build.0 = Release|Any CPU
		{70ea1740-9b2d-4813-84c9-24a642e409a4}.Release|ARM64.Deploy.0 = Release|Any CPU
		{70ea1740-9b2d-4813-84c9-24a642e409a4}.Release|iPhone.ActiveCfg = Release|Any CPU
		{70ea1740-9b2d-4813-84c9-24a642e409a4}.Release|iPhone.Build.0 = Release|Any CPU
		{70ea1740-9b2d-4813-84c9-24a642e409a4}.Release|iPhone.Deploy.0 = Release|Any CPU
		{70ea1740-9b2d-4813-84c9-24a642e409a4}.Release|iPhoneSimulator.ActiveCfg = Release|Any CPU
		{70ea1740-9b2d-4813-84c9-24a642e409a4}.Release|iPhoneSimulator.Build.0 = Release|Any CPU
		{70ea1740-9b2d-4813-84c9-24a642e409a4}.Release|iPhoneSimulator.Deploy.0 = Release|Any CPU
		{70ea1740-9b2d-4813-84c9-24a642e409a4}.Release|x64.ActiveCfg = Release|Any CPU
		{70ea1740-9b2d-4813-84c9-24a642e409a4}.Release|x64.Build.0 = Release|Any CPU
		{70ea1740-9b2d-4813-84c9-24a642e409a4}.Release|x64.Deploy.0 = Release|Any CPU
		{70ea1740-9b2d-4813-84c9-24a642e409a4}.Release|x86.ActiveCfg = Release|Any CPU
		{70ea1740-9b2d-4813-84c9-24a642e409a4}.Release|x86.Build.0 = Release|Any CPU
		{70ea1740-9b2d-4813-84c9-24a642e409a4}.Release|x86.Deploy.0 = Release|Any CPU
		{ff27c121-aa7e-49d8-bdc4-d7622e89793b}.Debug|Any CPU.ActiveCfg = Debug|iPhone
		{ff27c121-aa7e-49d8-bdc4-d7622e89793b}.Debug|Any CPU.Build.0 = Debug|iPhone
		{ff27c121-aa7e-49d8-bdc4-d7622e89793b}.Debug|Any CPU.Deploy.0 = Debug|iPhone
		{ff27c121-aa7e-49d8-bdc4-d7622e89793b}.Debug|ARM.ActiveCfg = Debug|iPhone
		{ff27c121-aa7e-49d8-bdc4-d7622e89793b}.Debug|ARM64.ActiveCfg = Debug|iPhone
		{ff27c121-aa7e-49d8-bdc4-d7622e89793b}.Debug|iPhone.ActiveCfg = Debug|iPhone
		{ff27c121-aa7e-49d8-bdc4-d7622e89793b}.Debug|iPhone.Build.0 = Debug|iPhone
		{ff27c121-aa7e-49d8-bdc4-d7622e89793b}.Debug|iPhoneSimulator.ActiveCfg = Debug|iPhoneSimulator
		{ff27c121-aa7e-49d8-bdc4-d7622e89793b}.Debug|iPhoneSimulator.Build.0 = Debug|iPhoneSimulator
		{ff27c121-aa7e-49d8-bdc4-d7622e89793b}.Debug|x64.ActiveCfg = Debug|iPhone
		{ff27c121-aa7e-49d8-bdc4-d7622e89793b}.Debug|x64.Build.0 = Debug|iPhone
		{ff27c121-aa7e-49d8-bdc4-d7622e89793b}.Debug|x64.Deploy.0 = Debug|iPhone
		{ff27c121-aa7e-49d8-bdc4-d7622e89793b}.Debug|x86.ActiveCfg = Debug|iPhoneSimulator
		{ff27c121-aa7e-49d8-bdc4-d7622e89793b}.Debug|x86.Build.0 = Debug|iPhoneSimulator
		{ff27c121-aa7e-49d8-bdc4-d7622e89793b}.Debug|x86.Deploy.0 = Debug|iPhoneSimulator
		{ff27c121-aa7e-49d8-bdc4-d7622e89793b}.Release|Any CPU.ActiveCfg = Release|iPhone
		{ff27c121-aa7e-49d8-bdc4-d7622e89793b}.Release|ARM.ActiveCfg = Release|iPhone
		{ff27c121-aa7e-49d8-bdc4-d7622e89793b}.Release|ARM64.ActiveCfg = Release|iPhone
		{ff27c121-aa7e-49d8-bdc4-d7622e89793b}.Release|iPhone.ActiveCfg = Release|iPhone
		{ff27c121-aa7e-49d8-bdc4-d7622e89793b}.Release|iPhone.Build.0 = Release|iPhone
		{ff27c121-aa7e-49d8-bdc4-d7622e89793b}.Release|iPhoneSimulator.ActiveCfg = Release|iPhoneSimulator
		{ff27c121-aa7e-49d8-bdc4-d7622e89793b}.Release|iPhoneSimulator.Build.0 = Release|iPhoneSimulator
		{ff27c121-aa7e-49d8-bdc4-d7622e89793b}.Release|x64.ActiveCfg = Release|iPhoneSimulator
		{ff27c121-aa7e-49d8-bdc4-d7622e89793b}.Release|x64.Build.0 = Release|iPhoneSimulator
		{ff27c121-aa7e-49d8-bdc4-d7622e89793b}.Release|x64.Deploy.0 = Release|iPhoneSimulator
		{ff27c121-aa7e-49d8-bdc4-d7622e89793b}.Release|x86.ActiveCfg = Release|iPhoneSimulator
		{ff27c121-aa7e-49d8-bdc4-d7622e89793b}.Release|x86.Build.0 = Release|iPhoneSimulator

		{e22a7cc8-4cb1-40a3-bf56-ce00d0b76e14}.Debug|Any CPU.ActiveCfg = Debug|x86
		{e22a7cc8-4cb1-40a3-bf56-ce00d0b76e14}.Debug|Any CPU.Build.0 = Debug|x86
		{e22a7cc8-4cb1-40a3-bf56-ce00d0b76e14}.Debug|Any CPU.Deploy.0 = Debug|x86
		{e22a7cc8-4cb1-40a3-bf56-ce00d0b76e14}.Debug|ARM.ActiveCfg = Debug|ARM
		{e22a7cc8-4cb1-40a3-bf56-ce00d0b76e14}.Debug|ARM.Build.0 = Debug|ARM
		{e22a7cc8-4cb1-40a3-bf56-ce00d0b76e14}.Debug|ARM.Deploy.0 = Debug|ARM
		{e22a7cc8-4cb1-40a3-bf56-ce00d0b76e14}.Debug|ARM64.ActiveCfg = Debug|ARM64
		{e22a7cc8-4cb1-40a3-bf56-ce00d0b76e14}.Debug|ARM64.Build.0 = Debug|ARM64
		{e22a7cc8-4cb1-40a3-bf56-ce00d0b76e14}.Debug|ARM64.Deploy.0 = Debug|ARM64
		{e22a7cc8-4cb1-40a3-bf56-ce00d0b76e14}.Debug|iPhone.ActiveCfg = Debug|x86
		{e22a7cc8-4cb1-40a3-bf56-ce00d0b76e14}.Debug|iPhone.Build.0 = Debug|x86
		{e22a7cc8-4cb1-40a3-bf56-ce00d0b76e14}.Debug|iPhone.Deploy.0 = Debug|x86
		{e22a7cc8-4cb1-40a3-bf56-ce00d0b76e14}.Debug|iPhoneSimulator.ActiveCfg = Debug|x86
		{e22a7cc8-4cb1-40a3-bf56-ce00d0b76e14}.Debug|iPhoneSimulator.Build.0 = Debug|x86
		{e22a7cc8-4cb1-40a3-bf56-ce00d0b76e14}.Debug|iPhoneSimulator.Deploy.0 = Debug|x86
		{e22a7cc8-4cb1-40a3-bf56-ce00d0b76e14}.Debug|x64.ActiveCfg = Debug|x64
		{e22a7cc8-4cb1-40a3-bf56-ce00d0b76e14}.Debug|x64.Build.0 = Debug|x64
		{e22a7cc8-4cb1-40a3-bf56-ce00d0b76e14}.Debug|x64.Deploy.0 = Debug|x64
		{e22a7cc8-4cb1-40a3-bf56-ce00d0b76e14}.Debug|x86.ActiveCfg = Debug|x86
		{e22a7cc8-4cb1-40a3-bf56-ce00d0b76e14}.Debug|x86.Build.0 = Debug|x86
		{e22a7cc8-4cb1-40a3-bf56-ce00d0b76e14}.Debug|x86.Deploy.0 = Debug|x86
		{e22a7cc8-4cb1-40a3-bf56-ce00d0b76e14}.Release|Any CPU.ActiveCfg = Release|x86
		{e22a7cc8-4cb1-40a3-bf56-ce00d0b76e14}.Release|ARM.ActiveCfg = Release|ARM
		{e22a7cc8-4cb1-40a3-bf56-ce00d0b76e14}.Release|ARM.Build.0 = Release|ARM
		{e22a7cc8-4cb1-40a3-bf56-ce00d0b76e14}.Release|ARM.Deploy.0 = Release|ARM
		{e22a7cc8-4cb1-40a3-bf56-ce00d0b76e14}.Release|ARM64.ActiveCfg = Release|ARM64
		{e22a7cc8-4cb1-40a3-bf56-ce00d0b76e14}.Release|ARM64.Build.0 = Release|ARM64
		{e22a7cc8-4cb1-40a3-bf56-ce00d0b76e14}.Release|ARM64.Deploy.0 = Release|ARM64
		{e22a7cc8-4cb1-40a3-bf56-ce00d0b76e14}.Release|iPhone.ActiveCfg = Release|x86
		{e22a7cc8-4cb1-40a3-bf56-ce00d0b76e14}.Release|iPhone.Build.0 = Release|x86
		{e22a7cc8-4cb1-40a3-bf56-ce00d0b76e14}.Release|iPhoneSimulator.ActiveCfg = Release|x86
		{e22a7cc8-4cb1-40a3-bf56-ce00d0b76e14}.Release|iPhoneSimulator.Build.0 = Release|x86
		{e22a7cc8-4cb1-40a3-bf56-ce00d0b76e14}.Release|iPhoneSimulator.Deploy.0 = Release|x86
		{e22a7cc8-4cb1-40a3-bf56-ce00d0b76e14}.Release|x64.ActiveCfg = Release|x64
		{e22a7cc8-4cb1-40a3-bf56-ce00d0b76e14}.Release|x64.Build.0 = Release|x64
		{e22a7cc8-4cb1-40a3-bf56-ce00d0b76e14}.Release|x64.Deploy.0 = Release|x64
		{e22a7cc8-4cb1-40a3-bf56-ce00d0b76e14}.Release|x86.ActiveCfg = Release|x86
		{e22a7cc8-4cb1-40a3-bf56-ce00d0b76e14}.Release|x86.Build.0 = Release|x86
		{e22a7cc8-4cb1-40a3-bf56-ce00d0b76e14}.Release|x86.Deploy.0 = Release|x86

		{80af9c32-2416-424b-b5c0-74bcc17ab646}.Debug|Any CPU.ActiveCfg = Debug|Any CPU
		{80af9c32-2416-424b-b5c0-74bcc17ab646}.Debug|Any CPU.Build.0 = Debug|Any CPU
		{80af9c32-2416-424b-b5c0-74bcc17ab646}.Debug|Any CPU.Deploy.0 = Debug|Any CPU
		{80af9c32-2416-424b-b5c0-74bcc17ab646}.Debug|ARM.ActiveCfg = Debug|Any CPU
		{80af9c32-2416-424b-b5c0-74bcc17ab646}.Debug|ARM.Build.0 = Debug|Any CPU
		{80af9c32-2416-424b-b5c0-74bcc17ab646}.Debug|ARM.Deploy.0 = Debug|Any CPU
		{80af9c32-2416-424b-b5c0-74bcc17ab646}.Debug|ARM64.ActiveCfg = Debug|Any CPU
		{80af9c32-2416-424b-b5c0-74bcc17ab646}.Debug|ARM64.Build.0 = Debug|Any CPU
		{80af9c32-2416-424b-b5c0-74bcc17ab646}.Debug|ARM64.Deploy.0 = Debug|Any CPU
		{80af9c32-2416-424b-b5c0-74bcc17ab646}.Debug|iPhone.ActiveCfg = Debug|Any CPU
		{80af9c32-2416-424b-b5c0-74bcc17ab646}.Debug|iPhone.Build.0 = Debug|Any CPU
		{80af9c32-2416-424b-b5c0-74bcc17ab646}.Debug|iPhone.Deploy.0 = Debug|Any CPU
		{80af9c32-2416-424b-b5c0-74bcc17ab646}.Debug|iPhoneSimulator.ActiveCfg = Debug|Any CPU
		{80af9c32-2416-424b-b5c0-74bcc17ab646}.Debug|iPhoneSimulator.Build.0 = Debug|Any CPU
		{80af9c32-2416-424b-b5c0-74bcc17ab646}.Debug|iPhoneSimulator.Deploy.0 = Debug|Any CPU
		{80af9c32-2416-424b-b5c0-74bcc17ab646}.Debug|x64.ActiveCfg = Debug|Any CPU
		{80af9c32-2416-424b-b5c0-74bcc17ab646}.Debug|x64.Build.0 = Debug|Any CPU
		{80af9c32-2416-424b-b5c0-74bcc17ab646}.Debug|x64.Deploy.0 = Debug|Any CPU
		{80af9c32-2416-424b-b5c0-74bcc17ab646}.Debug|x86.ActiveCfg = Debug|Any CPU
		{80af9c32-2416-424b-b5c0-74bcc17ab646}.Debug|x86.Build.0 = Debug|Any CPU
		{80af9c32-2416-424b-b5c0-74bcc17ab646}.Debug|x86.Deploy.0 = Debug|Any CPU
		{80af9c32-2416-424b-b5c0-74bcc17ab646}.Release|Any CPU.ActiveCfg = Release|Any CPU
		{80af9c32-2416-424b-b5c0-74bcc17ab646}.Release|Any CPU.Build.0 = Release|Any CPU
		{80af9c32-2416-424b-b5c0-74bcc17ab646}.Release|ARM.ActiveCfg = Release|Any CPU
		{80af9c32-2416-424b-b5c0-74bcc17ab646}.Release|ARM.Build.0 = Release|Any CPU
		{80af9c32-2416-424b-b5c0-74bcc17ab646}.Release|ARM.Deploy.0 = Release|Any CPU
		{80af9c32-2416-424b-b5c0-74bcc17ab646}.Release|ARM64.ActiveCfg = Release|Any CPU
		{80af9c32-2416-424b-b5c0-74bcc17ab646}.Release|ARM64.Build.0 = Release|Any CPU
		{80af9c32-2416-424b-b5c0-74bcc17ab646}.Release|ARM64.Deploy.0 = Release|Any CPU
		{80af9c32-2416-424b-b5c0-74bcc17ab646}.Release|iPhone.ActiveCfg = Release|Any CPU
		{80af9c32-2416-424b-b5c0-74bcc17ab646}.Release|iPhone.Build.0 = Release|Any CPU
		{80af9c32-2416-424b-b5c0-74bcc17ab646}.Release|iPhoneSimulator.ActiveCfg = Release|Any CPU
		{80af9c32-2416-424b-b5c0-74bcc17ab646}.Release|iPhoneSimulator.Build.0 = Release|Any CPU
		{80af9c32-2416-424b-b5c0-74bcc17ab646}.Release|iPhoneSimulator.Deploy.0 = Release|Any CPU
		{80af9c32-2416-424b-b5c0-74bcc17ab646}.Release|x64.ActiveCfg = Release|Any CPU
		{80af9c32-2416-424b-b5c0-74bcc17ab646}.Release|x64.Build.0 = Release|Any CPU
		{80af9c32-2416-424b-b5c0-74bcc17ab646}.Release|x64.Deploy.0 = Release|Any CPU
		{80af9c32-2416-424b-b5c0-74bcc17ab646}.Release|x86.ActiveCfg = Release|Any CPU
		{80af9c32-2416-424b-b5c0-74bcc17ab646}.Release|x86.Build.0 = Release|Any CPU
		{80af9c32-2416-424b-b5c0-74bcc17ab646}.Release|x86.Deploy.0 = Release|Any CPU

		{A5B8155A-118F-4794-B551-C6F3CF7E5411}.Debug|Any CPU.ActiveCfg = Debug|Any CPU
		{A5B8155A-118F-4794-B551-C6F3CF7E5411}.Debug|Any CPU.Build.0 = Debug|Any CPU
		{A5B8155A-118F-4794-B551-C6F3CF7E5411}.Debug|ARM.ActiveCfg = Debug|Any CPU
		{A5B8155A-118F-4794-B551-C6F3CF7E5411}.Debug|ARM.Build.0 = Debug|Any CPU
		{A5B8155A-118F-4794-B551-C6F3CF7E5411}.Debug|ARM64.ActiveCfg = Debug|Any CPU
		{A5B8155A-118F-4794-B551-C6F3CF7E5411}.Debug|ARM64.Build.0 = Debug|Any CPU
		{A5B8155A-118F-4794-B551-C6F3CF7E5411}.Debug|iPhone.ActiveCfg = Debug|Any CPU
		{A5B8155A-118F-4794-B551-C6F3CF7E5411}.Debug|iPhone.Build.0 = Debug|Any CPU
		{A5B8155A-118F-4794-B551-C6F3CF7E5411}.Debug|iPhoneSimulator.ActiveCfg = Debug|Any CPU
		{A5B8155A-118F-4794-B551-C6F3CF7E5411}.Debug|iPhoneSimulator.Build.0 = Debug|Any CPU
		{A5B8155A-118F-4794-B551-C6F3CF7E5411}.Debug|x64.ActiveCfg = Debug|Any CPU
		{A5B8155A-118F-4794-B551-C6F3CF7E5411}.Debug|x64.Build.0 = Debug|Any CPU
		{A5B8155A-118F-4794-B551-C6F3CF7E5411}.Debug|x86.ActiveCfg = Debug|Any CPU
		{A5B8155A-118F-4794-B551-C6F3CF7E5411}.Debug|x86.Build.0 = Debug|Any CPU
		{A5B8155A-118F-4794-B551-C6F3CF7E5411}.Release|Any CPU.ActiveCfg = Release|Any CPU
		{A5B8155A-118F-4794-B551-C6F3CF7E5411}.Release|Any CPU.Build.0 = Release|Any CPU
		{A5B8155A-118F-4794-B551-C6F3CF7E5411}.Release|ARM.ActiveCfg = Release|Any CPU
		{A5B8155A-118F-4794-B551-C6F3CF7E5411}.Release|ARM.Build.0 = Release|Any CPU
		{A5B8155A-118F-4794-B551-C6F3CF7E5411}.Release|ARM64.ActiveCfg = Release|Any CPU
		{A5B8155A-118F-4794-B551-C6F3CF7E5411}.Release|ARM64.Build.0 = Release|Any CPU
		{A5B8155A-118F-4794-B551-C6F3CF7E5411}.Release|iPhone.ActiveCfg = Release|Any CPU
		{A5B8155A-118F-4794-B551-C6F3CF7E5411}.Release|iPhone.Build.0 = Release|Any CPU
		{A5B8155A-118F-4794-B551-C6F3CF7E5411}.Release|iPhoneSimulator.ActiveCfg = Release|Any CPU
		{A5B8155A-118F-4794-B551-C6F3CF7E5411}.Release|iPhoneSimulator.Build.0 = Release|Any CPU
		{A5B8155A-118F-4794-B551-C6F3CF7E5411}.Release|x64.ActiveCfg = Release|Any CPU
		{A5B8155A-118F-4794-B551-C6F3CF7E5411}.Release|x64.Build.0 = Release|Any CPU
		{A5B8155A-118F-4794-B551-C6F3CF7E5411}.Release|x86.ActiveCfg = Release|Any CPU
		{A5B8155A-118F-4794-B551-C6F3CF7E5411}.Release|x86.Build.0 = Release|Any CPU
		{6CF284A4-22B1-4F05-97F4-F095C07A598E}.Debug|Any CPU.ActiveCfg = Debug|Any CPU
		{6CF284A4-22B1-4F05-97F4-F095C07A598E}.Debug|Any CPU.Build.0 = Debug|Any CPU
		{6CF284A4-22B1-4F05-97F4-F095C07A598E}.Debug|ARM.ActiveCfg = Debug|Any CPU
		{6CF284A4-22B1-4F05-97F4-F095C07A598E}.Debug|ARM.Build.0 = Debug|Any CPU
		{6CF284A4-22B1-4F05-97F4-F095C07A598E}.Debug|ARM64.ActiveCfg = Debug|Any CPU
		{6CF284A4-22B1-4F05-97F4-F095C07A598E}.Debug|ARM64.Build.0 = Debug|Any CPU
		{6CF284A4-22B1-4F05-97F4-F095C07A598E}.Debug|iPhone.ActiveCfg = Debug|Any CPU
		{6CF284A4-22B1-4F05-97F4-F095C07A598E}.Debug|iPhone.Build.0 = Debug|Any CPU
		{6CF284A4-22B1-4F05-97F4-F095C07A598E}.Debug|iPhoneSimulator.ActiveCfg = Debug|Any CPU
		{6CF284A4-22B1-4F05-97F4-F095C07A598E}.Debug|iPhoneSimulator.Build.0 = Debug|Any CPU
		{6CF284A4-22B1-4F05-97F4-F095C07A598E}.Debug|x64.ActiveCfg = Debug|Any CPU
		{6CF284A4-22B1-4F05-97F4-F095C07A598E}.Debug|x64.Build.0 = Debug|Any CPU
		{6CF284A4-22B1-4F05-97F4-F095C07A598E}.Debug|x86.ActiveCfg = Debug|Any CPU
		{6CF284A4-22B1-4F05-97F4-F095C07A598E}.Debug|x86.Build.0 = Debug|Any CPU
		{6CF284A4-22B1-4F05-97F4-F095C07A598E}.Release|Any CPU.ActiveCfg = Release|Any CPU
		{6CF284A4-22B1-4F05-97F4-F095C07A598E}.Release|Any CPU.Build.0 = Release|Any CPU
		{6CF284A4-22B1-4F05-97F4-F095C07A598E}.Release|ARM.ActiveCfg = Release|Any CPU
		{6CF284A4-22B1-4F05-97F4-F095C07A598E}.Release|ARM.Build.0 = Release|Any CPU
		{6CF284A4-22B1-4F05-97F4-F095C07A598E}.Release|ARM64.ActiveCfg = Release|Any CPU
		{6CF284A4-22B1-4F05-97F4-F095C07A598E}.Release|ARM64.Build.0 = Release|Any CPU
		{6CF284A4-22B1-4F05-97F4-F095C07A598E}.Release|iPhone.ActiveCfg = Release|Any CPU
		{6CF284A4-22B1-4F05-97F4-F095C07A598E}.Release|iPhone.Build.0 = Release|Any CPU
		{6CF284A4-22B1-4F05-97F4-F095C07A598E}.Release|iPhoneSimulator.ActiveCfg = Release|Any CPU
		{6CF284A4-22B1-4F05-97F4-F095C07A598E}.Release|iPhoneSimulator.Build.0 = Release|Any CPU
		{6CF284A4-22B1-4F05-97F4-F095C07A598E}.Release|x64.ActiveCfg = Release|Any CPU
		{6CF284A4-22B1-4F05-97F4-F095C07A598E}.Release|x64.Build.0 = Release|Any CPU
		{6CF284A4-22B1-4F05-97F4-F095C07A598E}.Release|x86.ActiveCfg = Release|Any CPU
		{6CF284A4-22B1-4F05-97F4-F095C07A598E}.Release|x86.Build.0 = Release|Any CPU
		{1AA13270-F438-4864-9435-54FD806E10EA}.Debug|Any CPU.ActiveCfg = Debug|x86
		{1AA13270-F438-4864-9435-54FD806E10EA}.Debug|Any CPU.Build.0 = Debug|x86
		{1AA13270-F438-4864-9435-54FD806E10EA}.Debug|ARM.ActiveCfg = Debug|Any CPU
		{1AA13270-F438-4864-9435-54FD806E10EA}.Debug|ARM.Build.0 = Debug|Any CPU
		{1AA13270-F438-4864-9435-54FD806E10EA}.Debug|ARM64.ActiveCfg = Debug|x86
		{1AA13270-F438-4864-9435-54FD806E10EA}.Debug|ARM64.Build.0 = Debug|x86
		{1AA13270-F438-4864-9435-54FD806E10EA}.Debug|iPhone.ActiveCfg = Debug|Any CPU
		{1AA13270-F438-4864-9435-54FD806E10EA}.Debug|iPhone.Build.0 = Debug|Any CPU
		{1AA13270-F438-4864-9435-54FD806E10EA}.Debug|iPhoneSimulator.ActiveCfg = Debug|Any CPU
		{1AA13270-F438-4864-9435-54FD806E10EA}.Debug|iPhoneSimulator.Build.0 = Debug|Any CPU
		{1AA13270-F438-4864-9435-54FD806E10EA}.Debug|x64.ActiveCfg = Debug|x86
		{1AA13270-F438-4864-9435-54FD806E10EA}.Debug|x64.Build.0 = Debug|x86
		{1AA13270-F438-4864-9435-54FD806E10EA}.Debug|x86.ActiveCfg = Debug|x86
		{1AA13270-F438-4864-9435-54FD806E10EA}.Debug|x86.Build.0 = Debug|x86
		{1AA13270-F438-4864-9435-54FD806E10EA}.Release|Any CPU.ActiveCfg = Release|Any CPU
		{1AA13270-F438-4864-9435-54FD806E10EA}.Release|Any CPU.Build.0 = Release|Any CPU
		{1AA13270-F438-4864-9435-54FD806E10EA}.Release|ARM.ActiveCfg = Release|Any CPU
		{1AA13270-F438-4864-9435-54FD806E10EA}.Release|ARM.Build.0 = Release|Any CPU
		{1AA13270-F438-4864-9435-54FD806E10EA}.Release|ARM64.ActiveCfg = Release|x86
		{1AA13270-F438-4864-9435-54FD806E10EA}.Release|ARM64.Build.0 = Release|x86
		{1AA13270-F438-4864-9435-54FD806E10EA}.Release|iPhone.ActiveCfg = Release|Any CPU
		{1AA13270-F438-4864-9435-54FD806E10EA}.Release|iPhone.Build.0 = Release|Any CPU
		{1AA13270-F438-4864-9435-54FD806E10EA}.Release|iPhoneSimulator.ActiveCfg = Release|Any CPU
		{1AA13270-F438-4864-9435-54FD806E10EA}.Release|iPhoneSimulator.Build.0 = Release|Any CPU
		{1AA13270-F438-4864-9435-54FD806E10EA}.Release|x64.ActiveCfg = Release|x86
		{1AA13270-F438-4864-9435-54FD806E10EA}.Release|x64.Build.0 = Release|x86
		{1AA13270-F438-4864-9435-54FD806E10EA}.Release|x86.ActiveCfg = Release|x86
		{1AA13270-F438-4864-9435-54FD806E10EA}.Release|x86.Build.0 = Release|x86

		{40EA03F7-8A22-4143-B251-79BAC3EB13D2}.Debug|Any CPU.ActiveCfg = Debug|Any CPU
		{40EA03F7-8A22-4143-B251-79BAC3EB13D2}.Debug|Any CPU.Build.0 = Debug|Any CPU
		{40EA03F7-8A22-4143-B251-79BAC3EB13D2}.Debug|ARM.ActiveCfg = Debug|Any CPU
		{40EA03F7-8A22-4143-B251-79BAC3EB13D2}.Debug|ARM.Build.0 = Debug|Any CPU
		{40EA03F7-8A22-4143-B251-79BAC3EB13D2}.Debug|ARM64.ActiveCfg = Debug|Any CPU
		{40EA03F7-8A22-4143-B251-79BAC3EB13D2}.Debug|ARM64.Build.0 = Debug|Any CPU
		{40EA03F7-8A22-4143-B251-79BAC3EB13D2}.Debug|iPhone.ActiveCfg = Debug|Any CPU
		{40EA03F7-8A22-4143-B251-79BAC3EB13D2}.Debug|iPhone.Build.0 = Debug|Any CPU
		{40EA03F7-8A22-4143-B251-79BAC3EB13D2}.Debug|iPhoneSimulator.ActiveCfg = Debug|Any CPU
		{40EA03F7-8A22-4143-B251-79BAC3EB13D2}.Debug|iPhoneSimulator.Build.0 = Debug|Any CPU
		{40EA03F7-8A22-4143-B251-79BAC3EB13D2}.Debug|x64.ActiveCfg = Debug|Any CPU
		{40EA03F7-8A22-4143-B251-79BAC3EB13D2}.Debug|x64.Build.0 = Debug|Any CPU
		{40EA03F7-8A22-4143-B251-79BAC3EB13D2}.Debug|x86.ActiveCfg = Debug|Any CPU
		{40EA03F7-8A22-4143-B251-79BAC3EB13D2}.Debug|x86.Build.0 = Debug|Any CPU
		{40EA03F7-8A22-4143-B251-79BAC3EB13D2}.Release|Any CPU.ActiveCfg = Release|Any CPU
		{40EA03F7-8A22-4143-B251-79BAC3EB13D2}.Release|Any CPU.Build.0 = Release|Any CPU
		{40EA03F7-8A22-4143-B251-79BAC3EB13D2}.Release|ARM.ActiveCfg = Release|Any CPU
		{40EA03F7-8A22-4143-B251-79BAC3EB13D2}.Release|ARM.Build.0 = Release|Any CPU
		{40EA03F7-8A22-4143-B251-79BAC3EB13D2}.Release|ARM64.ActiveCfg = Release|Any CPU
		{40EA03F7-8A22-4143-B251-79BAC3EB13D2}.Release|ARM64.Build.0 = Release|Any CPU
		{40EA03F7-8A22-4143-B251-79BAC3EB13D2}.Release|iPhone.ActiveCfg = Release|Any CPU
		{40EA03F7-8A22-4143-B251-79BAC3EB13D2}.Release|iPhone.Build.0 = Release|Any CPU
		{40EA03F7-8A22-4143-B251-79BAC3EB13D2}.Release|iPhoneSimulator.ActiveCfg = Release|Any CPU
		{40EA03F7-8A22-4143-B251-79BAC3EB13D2}.Release|iPhoneSimulator.Build.0 = Release|Any CPU
		{40EA03F7-8A22-4143-B251-79BAC3EB13D2}.Release|x64.ActiveCfg = Release|Any CPU
		{40EA03F7-8A22-4143-B251-79BAC3EB13D2}.Release|x64.Build.0 = Release|Any CPU
		{40EA03F7-8A22-4143-B251-79BAC3EB13D2}.Release|x86.ActiveCfg = Release|Any CPU
		{40EA03F7-8A22-4143-B251-79BAC3EB13D2}.Release|x86.Build.0 = Release|Any CPU

		{7b33c3d2-53ad-4187-b89b-9c77344c5b6c}.Debug|Any CPU.ActiveCfg = Debug|iPhoneSimulator
		{7b33c3d2-53ad-4187-b89b-9c77344c5b6c}.Debug|Any CPU.Build.0 = Debug|iPhoneSimulator
		{7b33c3d2-53ad-4187-b89b-9c77344c5b6c}.Debug|ARM.ActiveCfg = Debug|iPhoneSimulator
		{7b33c3d2-53ad-4187-b89b-9c77344c5b6c}.Debug|ARM64.ActiveCfg = Debug|iPhoneSimulator
		{7b33c3d2-53ad-4187-b89b-9c77344c5b6c}.Debug|iPhone.ActiveCfg = Debug|iPhoneSimulator
		{7b33c3d2-53ad-4187-b89b-9c77344c5b6c}.Debug|iPhone.Build.0 = Debug|iPhoneSimulator
		{7b33c3d2-53ad-4187-b89b-9c77344c5b6c}.Debug|iPhoneSimulator.ActiveCfg = Debug|iPhoneSimulator
		{7b33c3d2-53ad-4187-b89b-9c77344c5b6c}.Debug|iPhoneSimulator.Build.0 = Debug|iPhoneSimulator
		{7b33c3d2-53ad-4187-b89b-9c77344c5b6c}.Debug|x64.ActiveCfg = Debug|iPhoneSimulator
		{7b33c3d2-53ad-4187-b89b-9c77344c5b6c}.Debug|x64.Build.0 = Debug|iPhoneSimulator
		{7b33c3d2-53ad-4187-b89b-9c77344c5b6c}.Debug|x86.ActiveCfg = Debug|iPhoneSimulator
		{7b33c3d2-53ad-4187-b89b-9c77344c5b6c}.Debug|x86.Build.0 = Debug|iPhoneSimulator
		{7b33c3d2-53ad-4187-b89b-9c77344c5b6c}.Release|Any CPU.ActiveCfg = Release|iPhoneSimulator
		{7b33c3d2-53ad-4187-b89b-9c77344c5b6c}.Release|ARM.ActiveCfg = Release|iPhoneSimulator
		{7b33c3d2-53ad-4187-b89b-9c77344c5b6c}.Release|ARM64.ActiveCfg = Release|iPhoneSimulator
		{7b33c3d2-53ad-4187-b89b-9c77344c5b6c}.Release|iPhone.ActiveCfg = Release|iPhoneSimulator
		{7b33c3d2-53ad-4187-b89b-9c77344c5b6c}.Release|iPhone.Build.0 = Release|iPhoneSimulator
		{7b33c3d2-53ad-4187-b89b-9c77344c5b6c}.Release|iPhoneSimulator.ActiveCfg = Release|iPhoneSimulator
		{7b33c3d2-53ad-4187-b89b-9c77344c5b6c}.Release|iPhoneSimulator.Build.0 = Release|iPhoneSimulator
		{7b33c3d2-53ad-4187-b89b-9c77344c5b6c}.Release|x64.ActiveCfg = Release|iPhoneSimulator
		{7b33c3d2-53ad-4187-b89b-9c77344c5b6c}.Release|x64.Build.0 = Release|iPhoneSimulator
		{7b33c3d2-53ad-4187-b89b-9c77344c5b6c}.Release|x86.ActiveCfg = Release|iPhoneSimulator
		{7b33c3d2-53ad-4187-b89b-9c77344c5b6c}.Release|x86.Build.0 = Release|iPhoneSimulator

		{04D3A50A-BD96-4168-A331-3AC5E63800DE}.Debug|Any CPU.ActiveCfg = Debug|arm64
		{04D3A50A-BD96-4168-A331-3AC5E63800DE}.Debug|Any CPU.Build.0 = Debug|arm64
		{04D3A50A-BD96-4168-A331-3AC5E63800DE}.Debug|ARM.ActiveCfg = Debug|Any CPU
		{04D3A50A-BD96-4168-A331-3AC5E63800DE}.Debug|ARM.Build.0 = Debug|Any CPU
		{04D3A50A-BD96-4168-A331-3AC5E63800DE}.Debug|ARM64.ActiveCfg = Debug|arm64
		{04D3A50A-BD96-4168-A331-3AC5E63800DE}.Debug|ARM64.Build.0 = Debug|arm64
		{04D3A50A-BD96-4168-A331-3AC5E63800DE}.Debug|iPhone.ActiveCfg = Debug|Any CPU
		{04D3A50A-BD96-4168-A331-3AC5E63800DE}.Debug|iPhone.Build.0 = Debug|Any CPU
		{04D3A50A-BD96-4168-A331-3AC5E63800DE}.Debug|iPhoneSimulator.ActiveCfg = Debug|Any CPU
		{04D3A50A-BD96-4168-A331-3AC5E63800DE}.Debug|iPhoneSimulator.Build.0 = Debug|Any CPU
		{04D3A50A-BD96-4168-A331-3AC5E63800DE}.Debug|x64.ActiveCfg = Debug|x64
		{04D3A50A-BD96-4168-A331-3AC5E63800DE}.Debug|x64.Build.0 = Debug|x64
		{04D3A50A-BD96-4168-A331-3AC5E63800DE}.Debug|x86.ActiveCfg = Debug|x86
		{04D3A50A-BD96-4168-A331-3AC5E63800DE}.Debug|x86.Build.0 = Debug|x86
		{04D3A50A-BD96-4168-A331-3AC5E63800DE}.Release|Any CPU.ActiveCfg = Release|Any CPU
		{04D3A50A-BD96-4168-A331-3AC5E63800DE}.Release|Any CPU.Build.0 = Release|Any CPU
		{04D3A50A-BD96-4168-A331-3AC5E63800DE}.Release|ARM.ActiveCfg = Release|Any CPU
		{04D3A50A-BD96-4168-A331-3AC5E63800DE}.Release|ARM.Build.0 = Release|Any CPU
		{04D3A50A-BD96-4168-A331-3AC5E63800DE}.Release|ARM64.ActiveCfg = Release|arm64
		{04D3A50A-BD96-4168-A331-3AC5E63800DE}.Release|ARM64.Build.0 = Release|arm64
		{04D3A50A-BD96-4168-A331-3AC5E63800DE}.Release|iPhone.ActiveCfg = Release|Any CPU
		{04D3A50A-BD96-4168-A331-3AC5E63800DE}.Release|iPhone.Build.0 = Release|Any CPU
		{04D3A50A-BD96-4168-A331-3AC5E63800DE}.Release|iPhoneSimulator.ActiveCfg = Release|Any CPU
		{04D3A50A-BD96-4168-A331-3AC5E63800DE}.Release|iPhoneSimulator.Build.0 = Release|Any CPU
		{04D3A50A-BD96-4168-A331-3AC5E63800DE}.Release|x64.ActiveCfg = Release|x64
		{04D3A50A-BD96-4168-A331-3AC5E63800DE}.Release|x64.Build.0 = Release|x64
		{04D3A50A-BD96-4168-A331-3AC5E63800DE}.Release|x86.ActiveCfg = Release|x86
		{04D3A50A-BD96-4168-A331-3AC5E63800DE}.Release|x86.Build.0 = Release|x86

		{E4FEB385-4A60-4EF5-B953-0F0413E39DF5}.Debug|Any CPU.ActiveCfg = Debug|Any CPU
		{E4FEB385-4A60-4EF5-B953-0F0413E39DF5}.Debug|Any CPU.Build.0 = Debug|Any CPU
		{E4FEB385-4A60-4EF5-B953-0F0413E39DF5}.Debug|ARM.ActiveCfg = Debug|Any CPU
		{E4FEB385-4A60-4EF5-B953-0F0413E39DF5}.Debug|ARM.Build.0 = Debug|Any CPU
		{E4FEB385-4A60-4EF5-B953-0F0413E39DF5}.Debug|ARM64.ActiveCfg = Debug|Any CPU
		{E4FEB385-4A60-4EF5-B953-0F0413E39DF5}.Debug|ARM64.Build.0 = Debug|Any CPU
		{E4FEB385-4A60-4EF5-B953-0F0413E39DF5}.Debug|iPhone.ActiveCfg = Debug|Any CPU
		{E4FEB385-4A60-4EF5-B953-0F0413E39DF5}.Debug|iPhone.Build.0 = Debug|Any CPU
		{E4FEB385-4A60-4EF5-B953-0F0413E39DF5}.Debug|iPhoneSimulator.ActiveCfg = Debug|Any CPU
		{E4FEB385-4A60-4EF5-B953-0F0413E39DF5}.Debug|iPhoneSimulator.Build.0 = Debug|Any CPU
		{E4FEB385-4A60-4EF5-B953-0F0413E39DF5}.Debug|x64.ActiveCfg = Debug|Any CPU
		{E4FEB385-4A60-4EF5-B953-0F0413E39DF5}.Debug|x64.Build.0 = Debug|Any CPU
		{E4FEB385-4A60-4EF5-B953-0F0413E39DF5}.Debug|x86.ActiveCfg = Debug|Any CPU
		{E4FEB385-4A60-4EF5-B953-0F0413E39DF5}.Debug|x86.Build.0 = Debug|Any CPU
		{E4FEB385-4A60-4EF5-B953-0F0413E39DF5}.Release|Any CPU.ActiveCfg = Release|Any CPU
		{E4FEB385-4A60-4EF5-B953-0F0413E39DF5}.Release|Any CPU.Build.0 = Release|Any CPU
		{E4FEB385-4A60-4EF5-B953-0F0413E39DF5}.Release|ARM.ActiveCfg = Release|Any CPU
		{E4FEB385-4A60-4EF5-B953-0F0413E39DF5}.Release|ARM.Build.0 = Release|Any CPU
		{E4FEB385-4A60-4EF5-B953-0F0413E39DF5}.Release|ARM64.ActiveCfg = Release|Any CPU
		{E4FEB385-4A60-4EF5-B953-0F0413E39DF5}.Release|ARM64.Build.0 = Release|Any CPU
		{E4FEB385-4A60-4EF5-B953-0F0413E39DF5}.Release|iPhone.ActiveCfg = Release|Any CPU
		{E4FEB385-4A60-4EF5-B953-0F0413E39DF5}.Release|iPhone.Build.0 = Release|Any CPU
		{E4FEB385-4A60-4EF5-B953-0F0413E39DF5}.Release|iPhoneSimulator.ActiveCfg = Release|Any CPU
		{E4FEB385-4A60-4EF5-B953-0F0413E39DF5}.Release|iPhoneSimulator.Build.0 = Release|Any CPU
		{E4FEB385-4A60-4EF5-B953-0F0413E39DF5}.Release|x64.ActiveCfg = Release|Any CPU
		{E4FEB385-4A60-4EF5-B953-0F0413E39DF5}.Release|x64.Build.0 = Release|Any CPU
		{E4FEB385-4A60-4EF5-B953-0F0413E39DF5}.Release|x86.ActiveCfg = Release|Any CPU
		{E4FEB385-4A60-4EF5-B953-0F0413E39DF5}.Release|x86.Build.0 = Release|Any CPU
	EndGlobalSection
	GlobalSection(SolutionProperties) = preSolution
		HideSolutionNode = FALSE
	EndGlobalSection
	GlobalSection(ExtensibilityGlobals) = postSolution
		SolutionGuid = {C7433AE2-B1A0-4C1A-887E-5CAA7AAF67A6}
	EndGlobalSection
EndGlobal
