
Microsoft Visual Studio Solution File, Format Version 12.00
# Visual Studio Version 17
VisualStudioVersion = 17.0.32014.148
MinimumVisualStudioVersion = 10.0.40219.1
Project("{C7167F0D-BC9F-4E6E-AFE1-012C56B48DB5}") = "MultiRPC.UWP.Package", "MultiRPC.UWP\MultiRPC.UWP.Package.wapproj", "{452579BF-FF89-46FD-953D-E9D02D71EFDD}"
EndProject
Project("{9A19103F-16F7-4668-BE54-9A1E7A4F7556}") = "MultiRPC.SourceGen", "MultiRPC.SourceGen\MultiRPC.SourceGen.csproj", "{919C3FE7-14E4-48D5-A119-690827FD04B7}"
EndProject
Project("{9A19103F-16F7-4668-BE54-9A1E7A4F7556}") = "AvaloniaGif", "ext\avalonia.gif\AvaloniaGif\AvaloniaGif.csproj", "{C89E50F1-7914-4E4C-AAAA-3D66E1FE851B}"
EndProject
Project("{9A19103F-16F7-4668-BE54-9A1E7A4F7556}") = "DiscordRPC", "ext\discord-rpc-csharp\DiscordRPC\DiscordRPC.csproj", "{C6CC343D-F303-4FC8-AA0C-AE72A531BB2E}"
EndProject
Project("{9A19103F-16F7-4668-BE54-9A1E7A4F7556}") = "Fonderie.INPC.Generator", "ext\fonderie\Fonderie.INPC\Fonderie.INPC.Generator\Fonderie.INPC.Generator.csproj", "{521D2F2B-B790-4D75-B58E-3167897EAF52}"
EndProject
Project("{9A19103F-16F7-4668-BE54-9A1E7A4F7556}") = "MultiRPC.UWP", "MultiRPC\MultiRPC.UWP.csproj", "{57E1072A-2DDE-4B29-9E32-932C2D749179}"
EndProject
Global
	GlobalSection(SolutionConfigurationPlatforms) = preSolution
		Debug|Any CPU = Debug|Any CPU
		Debug|ARM = Debug|ARM
		Debug|ARM64 = Debug|ARM64
		Debug|x64 = Debug|x64
		Debug|x86 = Debug|x86
		Release|Any CPU = Release|Any CPU
		Release|ARM = Release|ARM
		Release|ARM64 = Release|ARM64
		Release|x64 = Release|x64
		Release|x86 = Release|x86
		WINSTORE|Any CPU = WINSTORE|Any CPU
		WINSTORE|ARM = WINSTORE|ARM
		WINSTORE|ARM64 = WINSTORE|ARM64
		WINSTORE|x64 = WINSTORE|x64
		WINSTORE|x86 = WINSTORE|x86
	EndGlobalSection
	GlobalSection(ProjectConfigurationPlatforms) = postSolution
		{452579BF-FF89-46FD-953D-E9D02D71EFDD}.Debug|Any CPU.ActiveCfg = Debug|Any CPU
		{452579BF-FF89-46FD-953D-E9D02D71EFDD}.Debug|Any CPU.Build.0 = Debug|Any CPU
		{452579BF-FF89-46FD-953D-E9D02D71EFDD}.Debug|Any CPU.Deploy.0 = Debug|Any CPU
		{452579BF-FF89-46FD-953D-E9D02D71EFDD}.Debug|ARM.ActiveCfg = Debug|ARM
		{452579BF-FF89-46FD-953D-E9D02D71EFDD}.Debug|ARM.Build.0 = Debug|ARM
		{452579BF-FF89-46FD-953D-E9D02D71EFDD}.Debug|ARM.Deploy.0 = Debug|ARM
		{452579BF-FF89-46FD-953D-E9D02D71EFDD}.Debug|ARM64.ActiveCfg = Debug|ARM64
		{452579BF-FF89-46FD-953D-E9D02D71EFDD}.Debug|ARM64.Build.0 = Debug|ARM64
		{452579BF-FF89-46FD-953D-E9D02D71EFDD}.Debug|ARM64.Deploy.0 = Debug|ARM64
		{452579BF-FF89-46FD-953D-E9D02D71EFDD}.Debug|x64.ActiveCfg = Debug|x64
		{452579BF-FF89-46FD-953D-E9D02D71EFDD}.Debug|x64.Build.0 = Debug|x64
		{452579BF-FF89-46FD-953D-E9D02D71EFDD}.Debug|x64.Deploy.0 = Debug|x64
		{452579BF-FF89-46FD-953D-E9D02D71EFDD}.Debug|x86.ActiveCfg = Debug|x86
		{452579BF-FF89-46FD-953D-E9D02D71EFDD}.Debug|x86.Build.0 = Debug|x86
		{452579BF-FF89-46FD-953D-E9D02D71EFDD}.Debug|x86.Deploy.0 = Debug|x86
		{452579BF-FF89-46FD-953D-E9D02D71EFDD}.Release|Any CPU.ActiveCfg = Release|Any CPU
		{452579BF-FF89-46FD-953D-E9D02D71EFDD}.Release|Any CPU.Build.0 = Release|Any CPU
		{452579BF-FF89-46FD-953D-E9D02D71EFDD}.Release|Any CPU.Deploy.0 = Release|Any CPU
		{452579BF-FF89-46FD-953D-E9D02D71EFDD}.Release|ARM.ActiveCfg = Release|ARM
		{452579BF-FF89-46FD-953D-E9D02D71EFDD}.Release|ARM.Build.0 = Release|ARM
		{452579BF-FF89-46FD-953D-E9D02D71EFDD}.Release|ARM.Deploy.0 = Release|ARM
		{452579BF-FF89-46FD-953D-E9D02D71EFDD}.Release|ARM64.ActiveCfg = Release|ARM64
		{452579BF-FF89-46FD-953D-E9D02D71EFDD}.Release|ARM64.Build.0 = Release|ARM64
		{452579BF-FF89-46FD-953D-E9D02D71EFDD}.Release|ARM64.Deploy.0 = Release|ARM64
		{452579BF-FF89-46FD-953D-E9D02D71EFDD}.Release|x64.ActiveCfg = Release|x64
		{452579BF-FF89-46FD-953D-E9D02D71EFDD}.Release|x64.Build.0 = Release|x64
		{452579BF-FF89-46FD-953D-E9D02D71EFDD}.Release|x64.Deploy.0 = Release|x64
		{452579BF-FF89-46FD-953D-E9D02D71EFDD}.Release|x86.ActiveCfg = Release|x86
		{452579BF-FF89-46FD-953D-E9D02D71EFDD}.Release|x86.Build.0 = Release|x86
		{452579BF-FF89-46FD-953D-E9D02D71EFDD}.Release|x86.Deploy.0 = Release|x86
		{452579BF-FF89-46FD-953D-E9D02D71EFDD}.WINSTORE|Any CPU.ActiveCfg = Release|Any CPU
		{452579BF-FF89-46FD-953D-E9D02D71EFDD}.WINSTORE|Any CPU.Build.0 = Release|Any CPU
		{452579BF-FF89-46FD-953D-E9D02D71EFDD}.WINSTORE|Any CPU.Deploy.0 = Release|Any CPU
		{452579BF-FF89-46FD-953D-E9D02D71EFDD}.WINSTORE|ARM.ActiveCfg = Debug|ARM
		{452579BF-FF89-46FD-953D-E9D02D71EFDD}.WINSTORE|ARM.Build.0 = Debug|ARM
		{452579BF-FF89-46FD-953D-E9D02D71EFDD}.WINSTORE|ARM.Deploy.0 = Debug|ARM
		{452579BF-FF89-46FD-953D-E9D02D71EFDD}.WINSTORE|ARM64.ActiveCfg = Debug|ARM64
		{452579BF-FF89-46FD-953D-E9D02D71EFDD}.WINSTORE|ARM64.Build.0 = Debug|ARM64
		{452579BF-FF89-46FD-953D-E9D02D71EFDD}.WINSTORE|ARM64.Deploy.0 = Debug|ARM64
		{452579BF-FF89-46FD-953D-E9D02D71EFDD}.WINSTORE|x64.ActiveCfg = WINSTORE|x64
		{452579BF-FF89-46FD-953D-E9D02D71EFDD}.WINSTORE|x64.Build.0 = WINSTORE|x64
		{452579BF-FF89-46FD-953D-E9D02D71EFDD}.WINSTORE|x64.Deploy.0 = WINSTORE|x64
		{452579BF-FF89-46FD-953D-E9D02D71EFDD}.WINSTORE|x86.ActiveCfg = Debug|x86
		{452579BF-FF89-46FD-953D-E9D02D71EFDD}.WINSTORE|x86.Build.0 = Debug|x86
		{452579BF-FF89-46FD-953D-E9D02D71EFDD}.WINSTORE|x86.Deploy.0 = Debug|x86
		{919C3FE7-14E4-48D5-A119-690827FD04B7}.Debug|Any CPU.ActiveCfg = Debug|Any CPU
		{919C3FE7-14E4-48D5-A119-690827FD04B7}.Debug|Any CPU.Build.0 = Debug|Any CPU
		{919C3FE7-14E4-48D5-A119-690827FD04B7}.Debug|ARM.ActiveCfg = Debug|Any CPU
		{919C3FE7-14E4-48D5-A119-690827FD04B7}.Debug|ARM.Build.0 = Debug|Any CPU
		{919C3FE7-14E4-48D5-A119-690827FD04B7}.Debug|ARM64.ActiveCfg = Debug|Any CPU
		{919C3FE7-14E4-48D5-A119-690827FD04B7}.Debug|ARM64.Build.0 = Debug|Any CPU
		{919C3FE7-14E4-48D5-A119-690827FD04B7}.Debug|x64.ActiveCfg = Debug|Any CPU
		{919C3FE7-14E4-48D5-A119-690827FD04B7}.Debug|x64.Build.0 = Debug|Any CPU
		{919C3FE7-14E4-48D5-A119-690827FD04B7}.Debug|x86.ActiveCfg = Debug|Any CPU
		{919C3FE7-14E4-48D5-A119-690827FD04B7}.Debug|x86.Build.0 = Debug|Any CPU
		{919C3FE7-14E4-48D5-A119-690827FD04B7}.Release|Any CPU.ActiveCfg = Release|Any CPU
		{919C3FE7-14E4-48D5-A119-690827FD04B7}.Release|Any CPU.Build.0 = Release|Any CPU
		{919C3FE7-14E4-48D5-A119-690827FD04B7}.Release|ARM.ActiveCfg = Release|Any CPU
		{919C3FE7-14E4-48D5-A119-690827FD04B7}.Release|ARM.Build.0 = Release|Any CPU
		{919C3FE7-14E4-48D5-A119-690827FD04B7}.Release|ARM64.ActiveCfg = Release|Any CPU
		{919C3FE7-14E4-48D5-A119-690827FD04B7}.Release|ARM64.Build.0 = Release|Any CPU
		{919C3FE7-14E4-48D5-A119-690827FD04B7}.Release|x64.ActiveCfg = Release|Any CPU
		{919C3FE7-14E4-48D5-A119-690827FD04B7}.Release|x64.Build.0 = Release|Any CPU
		{919C3FE7-14E4-48D5-A119-690827FD04B7}.Release|x86.ActiveCfg = Release|Any CPU
		{919C3FE7-14E4-48D5-A119-690827FD04B7}.Release|x86.Build.0 = Release|Any CPU
		{919C3FE7-14E4-48D5-A119-690827FD04B7}.WINSTORE|Any CPU.ActiveCfg = Debug|Any CPU
		{919C3FE7-14E4-48D5-A119-690827FD04B7}.WINSTORE|Any CPU.Build.0 = Debug|Any CPU
		{919C3FE7-14E4-48D5-A119-690827FD04B7}.WINSTORE|ARM.ActiveCfg = Debug|Any CPU
		{919C3FE7-14E4-48D5-A119-690827FD04B7}.WINSTORE|ARM.Build.0 = Debug|Any CPU
		{919C3FE7-14E4-48D5-A119-690827FD04B7}.WINSTORE|ARM64.ActiveCfg = Debug|Any CPU
		{919C3FE7-14E4-48D5-A119-690827FD04B7}.WINSTORE|ARM64.Build.0 = Debug|Any CPU
		{919C3FE7-14E4-48D5-A119-690827FD04B7}.WINSTORE|x64.ActiveCfg = Debug|Any CPU
		{919C3FE7-14E4-48D5-A119-690827FD04B7}.WINSTORE|x64.Build.0 = Debug|Any CPU
		{919C3FE7-14E4-48D5-A119-690827FD04B7}.WINSTORE|x86.ActiveCfg = Debug|Any CPU
		{919C3FE7-14E4-48D5-A119-690827FD04B7}.WINSTORE|x86.Build.0 = Debug|Any CPU
		{C89E50F1-7914-4E4C-AAAA-3D66E1FE851B}.Debug|Any CPU.ActiveCfg = Debug|Any CPU
		{C89E50F1-7914-4E4C-AAAA-3D66E1FE851B}.Debug|Any CPU.Build.0 = Debug|Any CPU
		{C89E50F1-7914-4E4C-AAAA-3D66E1FE851B}.Debug|ARM.ActiveCfg = Debug|Any CPU
		{C89E50F1-7914-4E4C-AAAA-3D66E1FE851B}.Debug|ARM.Build.0 = Debug|Any CPU
		{C89E50F1-7914-4E4C-AAAA-3D66E1FE851B}.Debug|ARM64.ActiveCfg = Debug|Any CPU
		{C89E50F1-7914-4E4C-AAAA-3D66E1FE851B}.Debug|ARM64.Build.0 = Debug|Any CPU
		{C89E50F1-7914-4E4C-AAAA-3D66E1FE851B}.Debug|x64.ActiveCfg = Debug|Any CPU
		{C89E50F1-7914-4E4C-AAAA-3D66E1FE851B}.Debug|x64.Build.0 = Debug|Any CPU
		{C89E50F1-7914-4E4C-AAAA-3D66E1FE851B}.Debug|x86.ActiveCfg = Debug|Any CPU
		{C89E50F1-7914-4E4C-AAAA-3D66E1FE851B}.Debug|x86.Build.0 = Debug|Any CPU
		{C89E50F1-7914-4E4C-AAAA-3D66E1FE851B}.Release|Any CPU.ActiveCfg = Release|Any CPU
		{C89E50F1-7914-4E4C-AAAA-3D66E1FE851B}.Release|Any CPU.Build.0 = Release|Any CPU
		{C89E50F1-7914-4E4C-AAAA-3D66E1FE851B}.Release|ARM.ActiveCfg = Release|Any CPU
		{C89E50F1-7914-4E4C-AAAA-3D66E1FE851B}.Release|ARM.Build.0 = Release|Any CPU
		{C89E50F1-7914-4E4C-AAAA-3D66E1FE851B}.Release|ARM64.ActiveCfg = Release|Any CPU
		{C89E50F1-7914-4E4C-AAAA-3D66E1FE851B}.Release|ARM64.Build.0 = Release|Any CPU
		{C89E50F1-7914-4E4C-AAAA-3D66E1FE851B}.Release|x64.ActiveCfg = Release|Any CPU
		{C89E50F1-7914-4E4C-AAAA-3D66E1FE851B}.Release|x64.Build.0 = Release|Any CPU
		{C89E50F1-7914-4E4C-AAAA-3D66E1FE851B}.Release|x86.ActiveCfg = Release|Any CPU
		{C89E50F1-7914-4E4C-AAAA-3D66E1FE851B}.Release|x86.Build.0 = Release|Any CPU
		{C89E50F1-7914-4E4C-AAAA-3D66E1FE851B}.WINSTORE|Any CPU.ActiveCfg = Debug|Any CPU
		{C89E50F1-7914-4E4C-AAAA-3D66E1FE851B}.WINSTORE|Any CPU.Build.0 = Debug|Any CPU
		{C89E50F1-7914-4E4C-AAAA-3D66E1FE851B}.WINSTORE|ARM.ActiveCfg = Debug|Any CPU
		{C89E50F1-7914-4E4C-AAAA-3D66E1FE851B}.WINSTORE|ARM.Build.0 = Debug|Any CPU
		{C89E50F1-7914-4E4C-AAAA-3D66E1FE851B}.WINSTORE|ARM64.ActiveCfg = Debug|Any CPU
		{C89E50F1-7914-4E4C-AAAA-3D66E1FE851B}.WINSTORE|ARM64.Build.0 = Debug|Any CPU
		{C89E50F1-7914-4E4C-AAAA-3D66E1FE851B}.WINSTORE|x64.ActiveCfg = Debug|Any CPU
		{C89E50F1-7914-4E4C-AAAA-3D66E1FE851B}.WINSTORE|x64.Build.0 = Debug|Any CPU
		{C89E50F1-7914-4E4C-AAAA-3D66E1FE851B}.WINSTORE|x86.ActiveCfg = Debug|Any CPU
		{C89E50F1-7914-4E4C-AAAA-3D66E1FE851B}.WINSTORE|x86.Build.0 = Debug|Any CPU
		{C6CC343D-F303-4FC8-AA0C-AE72A531BB2E}.Debug|Any CPU.ActiveCfg = Debug|Any CPU
		{C6CC343D-F303-4FC8-AA0C-AE72A531BB2E}.Debug|Any CPU.Build.0 = Debug|Any CPU
		{C6CC343D-F303-4FC8-AA0C-AE72A531BB2E}.Debug|ARM.ActiveCfg = Debug|Any CPU
		{C6CC343D-F303-4FC8-AA0C-AE72A531BB2E}.Debug|ARM.Build.0 = Debug|Any CPU
		{C6CC343D-F303-4FC8-AA0C-AE72A531BB2E}.Debug|ARM64.ActiveCfg = Debug|Any CPU
		{C6CC343D-F303-4FC8-AA0C-AE72A531BB2E}.Debug|ARM64.Build.0 = Debug|Any CPU
		{C6CC343D-F303-4FC8-AA0C-AE72A531BB2E}.Debug|x64.ActiveCfg = Debug|Any CPU
		{C6CC343D-F303-4FC8-AA0C-AE72A531BB2E}.Debug|x64.Build.0 = Debug|Any CPU
		{C6CC343D-F303-4FC8-AA0C-AE72A531BB2E}.Debug|x86.ActiveCfg = Debug|Any CPU
		{C6CC343D-F303-4FC8-AA0C-AE72A531BB2E}.Debug|x86.Build.0 = Debug|Any CPU
		{C6CC343D-F303-4FC8-AA0C-AE72A531BB2E}.Release|Any CPU.ActiveCfg = Release|Any CPU
		{C6CC343D-F303-4FC8-AA0C-AE72A531BB2E}.Release|Any CPU.Build.0 = Release|Any CPU
		{C6CC343D-F303-4FC8-AA0C-AE72A531BB2E}.Release|ARM.ActiveCfg = Release|Any CPU
		{C6CC343D-F303-4FC8-AA0C-AE72A531BB2E}.Release|ARM.Build.0 = Release|Any CPU
		{C6CC343D-F303-4FC8-AA0C-AE72A531BB2E}.Release|ARM64.ActiveCfg = Release|Any CPU
		{C6CC343D-F303-4FC8-AA0C-AE72A531BB2E}.Release|ARM64.Build.0 = Release|Any CPU
		{C6CC343D-F303-4FC8-AA0C-AE72A531BB2E}.Release|x64.ActiveCfg = Release|Any CPU
		{C6CC343D-F303-4FC8-AA0C-AE72A531BB2E}.Release|x64.Build.0 = Release|Any CPU
		{C6CC343D-F303-4FC8-AA0C-AE72A531BB2E}.Release|x86.ActiveCfg = Release|Any CPU
		{C6CC343D-F303-4FC8-AA0C-AE72A531BB2E}.Release|x86.Build.0 = Release|Any CPU
		{C6CC343D-F303-4FC8-AA0C-AE72A531BB2E}.WINSTORE|Any CPU.ActiveCfg = Debug|Any CPU
		{C6CC343D-F303-4FC8-AA0C-AE72A531BB2E}.WINSTORE|Any CPU.Build.0 = Debug|Any CPU
		{C6CC343D-F303-4FC8-AA0C-AE72A531BB2E}.WINSTORE|ARM.ActiveCfg = Debug|Any CPU
		{C6CC343D-F303-4FC8-AA0C-AE72A531BB2E}.WINSTORE|ARM.Build.0 = Debug|Any CPU
		{C6CC343D-F303-4FC8-AA0C-AE72A531BB2E}.WINSTORE|ARM64.ActiveCfg = Debug|Any CPU
		{C6CC343D-F303-4FC8-AA0C-AE72A531BB2E}.WINSTORE|ARM64.Build.0 = Debug|Any CPU
		{C6CC343D-F303-4FC8-AA0C-AE72A531BB2E}.WINSTORE|x64.ActiveCfg = Debug|Any CPU
		{C6CC343D-F303-4FC8-AA0C-AE72A531BB2E}.WINSTORE|x64.Build.0 = Debug|Any CPU
		{C6CC343D-F303-4FC8-AA0C-AE72A531BB2E}.WINSTORE|x86.ActiveCfg = Debug|Any CPU
		{C6CC343D-F303-4FC8-AA0C-AE72A531BB2E}.WINSTORE|x86.Build.0 = Debug|Any CPU
		{521D2F2B-B790-4D75-B58E-3167897EAF52}.Debug|Any CPU.ActiveCfg = Debug|Any CPU
		{521D2F2B-B790-4D75-B58E-3167897EAF52}.Debug|Any CPU.Build.0 = Debug|Any CPU
		{521D2F2B-B790-4D75-B58E-3167897EAF52}.Debug|ARM.ActiveCfg = Debug|Any CPU
		{521D2F2B-B790-4D75-B58E-3167897EAF52}.Debug|ARM.Build.0 = Debug|Any CPU
		{521D2F2B-B790-4D75-B58E-3167897EAF52}.Debug|ARM64.ActiveCfg = Debug|Any CPU
		{521D2F2B-B790-4D75-B58E-3167897EAF52}.Debug|ARM64.Build.0 = Debug|Any CPU
		{521D2F2B-B790-4D75-B58E-3167897EAF52}.Debug|x64.ActiveCfg = Debug|Any CPU
		{521D2F2B-B790-4D75-B58E-3167897EAF52}.Debug|x64.Build.0 = Debug|Any CPU
		{521D2F2B-B790-4D75-B58E-3167897EAF52}.Debug|x86.ActiveCfg = Debug|Any CPU
		{521D2F2B-B790-4D75-B58E-3167897EAF52}.Debug|x86.Build.0 = Debug|Any CPU
		{521D2F2B-B790-4D75-B58E-3167897EAF52}.Release|Any CPU.ActiveCfg = Release|Any CPU
		{521D2F2B-B790-4D75-B58E-3167897EAF52}.Release|Any CPU.Build.0 = Release|Any CPU
		{521D2F2B-B790-4D75-B58E-3167897EAF52}.Release|ARM.ActiveCfg = Release|Any CPU
		{521D2F2B-B790-4D75-B58E-3167897EAF52}.Release|ARM.Build.0 = Release|Any CPU
		{521D2F2B-B790-4D75-B58E-3167897EAF52}.Release|ARM64.ActiveCfg = Release|Any CPU
		{521D2F2B-B790-4D75-B58E-3167897EAF52}.Release|ARM64.Build.0 = Release|Any CPU
		{521D2F2B-B790-4D75-B58E-3167897EAF52}.Release|x64.ActiveCfg = Release|Any CPU
		{521D2F2B-B790-4D75-B58E-3167897EAF52}.Release|x64.Build.0 = Release|Any CPU
		{521D2F2B-B790-4D75-B58E-3167897EAF52}.Release|x86.ActiveCfg = Release|Any CPU
		{521D2F2B-B790-4D75-B58E-3167897EAF52}.Release|x86.Build.0 = Release|Any CPU
		{521D2F2B-B790-4D75-B58E-3167897EAF52}.WINSTORE|Any CPU.ActiveCfg = Debug|Any CPU
		{521D2F2B-B790-4D75-B58E-3167897EAF52}.WINSTORE|Any CPU.Build.0 = Debug|Any CPU
		{521D2F2B-B790-4D75-B58E-3167897EAF52}.WINSTORE|ARM.ActiveCfg = Debug|Any CPU
		{521D2F2B-B790-4D75-B58E-3167897EAF52}.WINSTORE|ARM.Build.0 = Debug|Any CPU
		{521D2F2B-B790-4D75-B58E-3167897EAF52}.WINSTORE|ARM64.ActiveCfg = Debug|Any CPU
		{521D2F2B-B790-4D75-B58E-3167897EAF52}.WINSTORE|ARM64.Build.0 = Debug|Any CPU
		{521D2F2B-B790-4D75-B58E-3167897EAF52}.WINSTORE|x64.ActiveCfg = Debug|Any CPU
		{521D2F2B-B790-4D75-B58E-3167897EAF52}.WINSTORE|x64.Build.0 = Debug|Any CPU
		{521D2F2B-B790-4D75-B58E-3167897EAF52}.WINSTORE|x86.ActiveCfg = Debug|Any CPU
		{521D2F2B-B790-4D75-B58E-3167897EAF52}.WINSTORE|x86.Build.0 = Debug|Any CPU
		{57E1072A-2DDE-4B29-9E32-932C2D749179}.Debug|Any CPU.ActiveCfg = Debug|Any CPU
		{57E1072A-2DDE-4B29-9E32-932C2D749179}.Debug|Any CPU.Build.0 = Debug|Any CPU
		{57E1072A-2DDE-4B29-9E32-932C2D749179}.Debug|ARM.ActiveCfg = Debug|Any CPU
		{57E1072A-2DDE-4B29-9E32-932C2D749179}.Debug|ARM.Build.0 = Debug|Any CPU
		{57E1072A-2DDE-4B29-9E32-932C2D749179}.Debug|ARM64.ActiveCfg = Debug|Any CPU
		{57E1072A-2DDE-4B29-9E32-932C2D749179}.Debug|ARM64.Build.0 = Debug|Any CPU
		{57E1072A-2DDE-4B29-9E32-932C2D749179}.Debug|x64.ActiveCfg = Debug|Any CPU
		{57E1072A-2DDE-4B29-9E32-932C2D749179}.Debug|x64.Build.0 = Debug|Any CPU
		{57E1072A-2DDE-4B29-9E32-932C2D749179}.Debug|x86.ActiveCfg = Debug|Any CPU
		{57E1072A-2DDE-4B29-9E32-932C2D749179}.Debug|x86.Build.0 = Debug|Any CPU
		{57E1072A-2DDE-4B29-9E32-932C2D749179}.Release|Any CPU.ActiveCfg = Release|Any CPU
		{57E1072A-2DDE-4B29-9E32-932C2D749179}.Release|Any CPU.Build.0 = Release|Any CPU
		{57E1072A-2DDE-4B29-9E32-932C2D749179}.Release|ARM.ActiveCfg = Release|Any CPU
		{57E1072A-2DDE-4B29-9E32-932C2D749179}.Release|ARM.Build.0 = Release|Any CPU
		{57E1072A-2DDE-4B29-9E32-932C2D749179}.Release|ARM64.ActiveCfg = Release|Any CPU
		{57E1072A-2DDE-4B29-9E32-932C2D749179}.Release|ARM64.Build.0 = Release|Any CPU
		{57E1072A-2DDE-4B29-9E32-932C2D749179}.Release|x64.ActiveCfg = Release|Any CPU
		{57E1072A-2DDE-4B29-9E32-932C2D749179}.Release|x64.Build.0 = Release|Any CPU
		{57E1072A-2DDE-4B29-9E32-932C2D749179}.Release|x86.ActiveCfg = Release|Any CPU
		{57E1072A-2DDE-4B29-9E32-932C2D749179}.Release|x86.Build.0 = Release|Any CPU
		{57E1072A-2DDE-4B29-9E32-932C2D749179}.WINSTORE|Any CPU.ActiveCfg = WINSTORE|Any CPU
		{57E1072A-2DDE-4B29-9E32-932C2D749179}.WINSTORE|Any CPU.Build.0 = WINSTORE|Any CPU
		{57E1072A-2DDE-4B29-9E32-932C2D749179}.WINSTORE|ARM.ActiveCfg = WINSTORE|Any CPU
		{57E1072A-2DDE-4B29-9E32-932C2D749179}.WINSTORE|ARM.Build.0 = WINSTORE|Any CPU
		{57E1072A-2DDE-4B29-9E32-932C2D749179}.WINSTORE|ARM64.ActiveCfg = WINSTORE|Any CPU
		{57E1072A-2DDE-4B29-9E32-932C2D749179}.WINSTORE|ARM64.Build.0 = WINSTORE|Any CPU
		{57E1072A-2DDE-4B29-9E32-932C2D749179}.WINSTORE|x64.ActiveCfg = WINSTORE|Any CPU
		{57E1072A-2DDE-4B29-9E32-932C2D749179}.WINSTORE|x64.Build.0 = WINSTORE|Any CPU
		{57E1072A-2DDE-4B29-9E32-932C2D749179}.WINSTORE|x86.ActiveCfg = WINSTORE|Any CPU
		{57E1072A-2DDE-4B29-9E32-932C2D749179}.WINSTORE|x86.Build.0 = WINSTORE|Any CPU
	EndGlobalSection
	GlobalSection(SolutionProperties) = preSolution
		HideSolutionNode = FALSE
	EndGlobalSection
	GlobalSection(ExtensibilityGlobals) = postSolution
		SolutionGuid = {ACAF7B9A-8030-4F2C-B374-6C90E3E416BF}
	EndGlobalSection
EndGlobal
